// !$*UTF8*$!
{
	archiveVersion = 1;
	classes = {
	};
	objectVersion = 50;
	objects = {

/* Begin PBXBuildFile section */
		1D02949420F5D85700D75606 /* UIView+BKExtension.m in Sources */ = {isa = PBXBuildFile; fileRef = 1D02949320F5D85700D75606 /* UIView+BKExtension.m */; };
		1D02949820F5DA8100D75606 /* BKRoundedRectView.m in Sources */ = {isa = PBXBuildFile; fileRef = 1D02949720F5DA8100D75606 /* BKRoundedRectView.m */; };
		1D02949B20F5DE9200D75606 /* NSString+BKExtension.m in Sources */ = {isa = PBXBuildFile; fileRef = 1D02949A20F5DE9200D75606 /* NSString+BKExtension.m */; };
		1D0294A520F5E3F200D75606 /* GTMBase64.m in Sources */ = {isa = PBXBuildFile; fileRef = 1D0294A420F5E3F100D75606 /* GTMBase64.m */; };
		1D0294A820F5E74900D75606 /* UIImageView+BKExtension.m in Sources */ = {isa = PBXBuildFile; fileRef = 1D0294A720F5E74900D75606 /* UIImageView+BKExtension.m */; };
		1D0294AB20F5ED2B00D75606 /* UIImage+BKExtension.m in Sources */ = {isa = PBXBuildFile; fileRef = 1D0294AA20F5ED2B00D75606 /* UIImage+BKExtension.m */; };
		1D0294AF20F5FCEA00D75606 /* BKScrollView.m in Sources */ = {isa = PBXBuildFile; fileRef = 1D0294AE20F5FCEA00D75606 /* BKScrollView.m */; };
		1D0294B220F5FD9500D75606 /* BKTableView.m in Sources */ = {isa = PBXBuildFile; fileRef = 1D0294B120F5FD9500D75606 /* BKTableView.m */; };
		1D0294B520F5FDC700D75606 /* BKCollectionView.m in Sources */ = {isa = PBXBuildFile; fileRef = 1D0294B420F5FDC700D75606 /* BKCollectionView.m */; };
		1D0294B820F5FFB200D75606 /* BKImageView.m in Sources */ = {isa = PBXBuildFile; fileRef = 1D0294B720F5FFB200D75606 /* BKImageView.m */; };
		1D0294BC20F6003300D75606 /* BKTabBarController.m in Sources */ = {isa = PBXBuildFile; fileRef = 1D0294BB20F6003300D75606 /* BKTabBarController.m */; };
		1D0294BF20F6004B00D75606 /* BKTabBar.m in Sources */ = {isa = PBXBuildFile; fileRef = 1D0294BE20F6004B00D75606 /* BKTabBar.m */; };
		1D0294C220F6058700D75606 /* BKTabBarBtn.m in Sources */ = {isa = PBXBuildFile; fileRef = 1D0294C120F6058700D75606 /* BKTabBarBtn.m */; };
		1D3AA76520F6F5650010FBB5 /* BKBaseViewController.m in Sources */ = {isa = PBXBuildFile; fileRef = 1D3AA76420F6F5650010FBB5 /* BKBaseViewController.m */; };
		1D3AA77B20F740FA0010FBB5 /* UINavigationController+BKNavExtension.m in Sources */ = {isa = PBXBuildFile; fileRef = 1D3AA77420F740FA0010FBB5 /* UINavigationController+BKNavExtension.m */; };
		1D3AA77C20F740FA0010FBB5 /* BKNavViewController.m in Sources */ = {isa = PBXBuildFile; fileRef = 1D3AA77620F740FA0010FBB5 /* BKNavViewController.m */; };
		1D3AA77D20F740FA0010FBB5 /* BKTransitionAnimater.m in Sources */ = {isa = PBXBuildFile; fileRef = 1D3AA77820F740FA0010FBB5 /* BKTransitionAnimater.m */; };
		1D3AA77E20F740FA0010FBB5 /* BKPercentDrivenInteractiveTransition.m in Sources */ = {isa = PBXBuildFile; fileRef = 1D3AA77A20F740FA0010FBB5 /* BKPercentDrivenInteractiveTransition.m */; };
		1D3AA78120F7412F0010FBB5 /* BKNavButton.m in Sources */ = {isa = PBXBuildFile; fileRef = 1D3AA78020F7412F0010FBB5 /* BKNavButton.m */; };
		1D45CAA620FC6892003C7BA4 /* NSObject+BKImagePicker.m in Sources */ = {isa = PBXBuildFile; fileRef = 1D45CA4620FC6892003C7BA4 /* NSObject+BKImagePicker.m */; };
		1D45CAA720FC6892003C7BA4 /* UIView+BKImagePicker.m in Sources */ = {isa = PBXBuildFile; fileRef = 1D45CA4820FC6892003C7BA4 /* UIView+BKImagePicker.m */; };
		1D45CAA820FC6892003C7BA4 /* UIImage+BKImagePicker.m in Sources */ = {isa = PBXBuildFile; fileRef = 1D45CA4920FC6892003C7BA4 /* UIImage+BKImagePicker.m */; };
		1D45CAA920FC6892003C7BA4 /* UIBezierPath+BKImagePicker.m in Sources */ = {isa = PBXBuildFile; fileRef = 1D45CA4B20FC6892003C7BA4 /* UIBezierPath+BKImagePicker.m */; };
		1D45CAAA20FC6892003C7BA4 /* BKImageModel.m in Sources */ = {isa = PBXBuildFile; fileRef = 1D45CA4F20FC6892003C7BA4 /* BKImageModel.m */; };
		1D45CAAB20FC6892003C7BA4 /* BKImage.bundle in Resources */ = {isa = PBXBuildFile; fileRef = 1D45CA5120FC6892003C7BA4 /* BKImage.bundle */; };
		1D45CAB420FC6892003C7BA4 /* BKEditImageViewController.m in Sources */ = {isa = PBXBuildFile; fileRef = 1D45CA6620FC6892003C7BA4 /* BKEditImageViewController.m */; };
		1D45CAB520FC6892003C7BA4 /* BKEditImageDrawModel.m in Sources */ = {isa = PBXBuildFile; fileRef = 1D45CA6820FC6892003C7BA4 /* BKEditImageDrawModel.m */; };
		1D45CAB620FC6892003C7BA4 /* BKEditImagePreviewCollectionViewFlowLayout.m in Sources */ = {isa = PBXBuildFile; fileRef = 1D45CA6D20FC6892003C7BA4 /* BKEditImagePreviewCollectionViewFlowLayout.m */; };
		1D45CAB720FC6892003C7BA4 /* BKEditImageClipFrameView.m in Sources */ = {isa = PBXBuildFile; fileRef = 1D45CA6F20FC6892003C7BA4 /* BKEditImageClipFrameView.m */; };
		1D45CAB820FC6892003C7BA4 /* BKEditImageClipView.m in Sources */ = {isa = PBXBuildFile; fileRef = 1D45CA7120FC6892003C7BA4 /* BKEditImageClipView.m */; };
		1D45CAB920FC6892003C7BA4 /* BKEditImageDrawView.m in Sources */ = {isa = PBXBuildFile; fileRef = 1D45CA7220FC6892003C7BA4 /* BKEditImageDrawView.m */; };
		1D45CABA20FC6892003C7BA4 /* BKEditImageWriteView.m in Sources */ = {isa = PBXBuildFile; fileRef = 1D45CA7320FC6892003C7BA4 /* BKEditImageWriteView.m */; };
		1D45CABB20FC6892003C7BA4 /* BKEditImageBottomView.m in Sources */ = {isa = PBXBuildFile; fileRef = 1D45CA7420FC6892003C7BA4 /* BKEditImageBottomView.m */; };
		1D45CABC20FC6892003C7BA4 /* BKEditImageBgView.m in Sources */ = {isa = PBXBuildFile; fileRef = 1D45CA7620FC6892003C7BA4 /* BKEditImageBgView.m */; };
		1D45CABD20FC6892003C7BA4 /* BKEditImagePreviewCollectionViewCell.m in Sources */ = {isa = PBXBuildFile; fileRef = 1D45CA7A20FC6892003C7BA4 /* BKEditImagePreviewCollectionViewCell.m */; };
		1D45CABE20FC6892003C7BA4 /* BKImagePickerViewController.m in Sources */ = {isa = PBXBuildFile; fileRef = 1D45CA7F20FC6892003C7BA4 /* BKImagePickerViewController.m */; };
		1D45CABF20FC6892003C7BA4 /* BKImageAlbumItemView.m in Sources */ = {isa = PBXBuildFile; fileRef = 1D45CA8120FC6892003C7BA4 /* BKImageAlbumItemView.m */; };
		1D45CAC020FC6892003C7BA4 /* BKImageOriginalButton.m in Sources */ = {isa = PBXBuildFile; fileRef = 1D45CA8220FC6892003C7BA4 /* BKImageOriginalButton.m */; };
		1D45CAC120FC6892003C7BA4 /* BKImagePickerFooterCollectionReusableView.m in Sources */ = {isa = PBXBuildFile; fileRef = 1D45CA8320FC6892003C7BA4 /* BKImagePickerFooterCollectionReusableView.m */; };
		1D45CAC220FC6892003C7BA4 /* BKImageAlbumItemSelectButton.m in Sources */ = {isa = PBXBuildFile; fileRef = 1D45CA8420FC6892003C7BA4 /* BKImageAlbumItemSelectButton.m */; };
		1D45CAC320FC6892003C7BA4 /* BKImagePickerCollectionViewCell.m in Sources */ = {isa = PBXBuildFile; fileRef = 1D45CA8520FC6892003C7BA4 /* BKImagePickerCollectionViewCell.m */; };
		1D45CACA20FC6892003C7BA4 /* BKImageAlbumListViewController.m in Sources */ = {isa = PBXBuildFile; fileRef = 1D45CA9E20FC6892003C7BA4 /* BKImageAlbumListViewController.m */; };
		1D45CACB20FC6892003C7BA4 /* BKImageAlbumListModel.m in Sources */ = {isa = PBXBuildFile; fileRef = 1D45CAA020FC6892003C7BA4 /* BKImageAlbumListModel.m */; };
		1D45CACC20FC6892003C7BA4 /* BKImageAlbumListTableViewCell.m in Sources */ = {isa = PBXBuildFile; fileRef = 1D45CAA320FC6892003C7BA4 /* BKImageAlbumListTableViewCell.m */; };
		1D45CAD120FC7D79003C7BA4 /* AudioToolbox.framework in Frameworks */ = {isa = PBXBuildFile; fileRef = 1D45CAD020FC7D79003C7BA4 /* AudioToolbox.framework */; };
		1D45CAD320FC7D7E003C7BA4 /* AVFoundation.framework in Frameworks */ = {isa = PBXBuildFile; fileRef = 1D45CAD220FC7D7E003C7BA4 /* AVFoundation.framework */; };
		1D45CAD520FC7D89003C7BA4 /* CoreGraphics.framework in Frameworks */ = {isa = PBXBuildFile; fileRef = 1D45CAD420FC7D89003C7BA4 /* CoreGraphics.framework */; };
		1D45CAD720FC7DAD003C7BA4 /* CoreMedia.framework in Frameworks */ = {isa = PBXBuildFile; fileRef = 1D45CAD620FC7DAD003C7BA4 /* CoreMedia.framework */; };
		1D45CAD920FC7DBC003C7BA4 /* CoreVideo.framework in Frameworks */ = {isa = PBXBuildFile; fileRef = 1D45CAD820FC7DBC003C7BA4 /* CoreVideo.framework */; };
		1D45CADB20FC7DCB003C7BA4 /* libbz2.tbd in Frameworks */ = {isa = PBXBuildFile; fileRef = 1D45CADA20FC7DCA003C7BA4 /* libbz2.tbd */; };
		1D45CADD20FC7DD2003C7BA4 /* libz.tbd in Frameworks */ = {isa = PBXBuildFile; fileRef = 1D45CADC20FC7DD2003C7BA4 /* libz.tbd */; };
		1D45CADF20FC7DD9003C7BA4 /* MediaPlayer.framework in Frameworks */ = {isa = PBXBuildFile; fileRef = 1D45CADE20FC7DD9003C7BA4 /* MediaPlayer.framework */; };
		1D45CAE120FC7DE4003C7BA4 /* MobileCoreServices.framework in Frameworks */ = {isa = PBXBuildFile; fileRef = 1D45CAE020FC7DE4003C7BA4 /* MobileCoreServices.framework */; };
		1D45CAE320FC7DEC003C7BA4 /* OpenGLES.framework in Frameworks */ = {isa = PBXBuildFile; fileRef = 1D45CAE220FC7DEC003C7BA4 /* OpenGLES.framework */; };
		1D45CAE520FC7DF3003C7BA4 /* QuartzCore.framework in Frameworks */ = {isa = PBXBuildFile; fileRef = 1D45CAE420FC7DF3003C7BA4 /* QuartzCore.framework */; };
		1D45CAE720FC7DFC003C7BA4 /* UIKit.framework in Frameworks */ = {isa = PBXBuildFile; fileRef = 1D45CAE620FC7DFC003C7BA4 /* UIKit.framework */; };
		1D45CAE920FC7E09003C7BA4 /* VideoToolbox.framework in Frameworks */ = {isa = PBXBuildFile; fileRef = 1D45CAE820FC7E09003C7BA4 /* VideoToolbox.framework */; };
		1D45CB0420FC8328003C7BA4 /* BKImageBaseViewController.m in Sources */ = {isa = PBXBuildFile; fileRef = 1D45CB0320FC8328003C7BA4 /* BKImageBaseViewController.m */; };
		1D50C9D520FF2BFC00626230 /* BKDemoViewController.m in Sources */ = {isa = PBXBuildFile; fileRef = 1D50C9D420FF2BFC00626230 /* BKDemoViewController.m */; };
		1D6B8FEB20EF09EE00BBEAD1 /* BKCycleScrollView.m in Sources */ = {isa = PBXBuildFile; fileRef = 1D6B8FE220EF09EE00BBEAD1 /* BKCycleScrollView.m */; };
		1D6B8FEC20EF09EE00BBEAD1 /* BKCycleScrollCollectionViewCell.m in Sources */ = {isa = PBXBuildFile; fileRef = 1D6B8FE320EF09EE00BBEAD1 /* BKCycleScrollCollectionViewCell.m */; };
		1D6B8FED20EF09EE00BBEAD1 /* BKCycleCollectionViewFlowLayout.m in Sources */ = {isa = PBXBuildFile; fileRef = 1D6B8FE520EF09EE00BBEAD1 /* BKCycleCollectionViewFlowLayout.m */; };
		1D6B8FEE20EF09EE00BBEAD1 /* BKCycleScrollImageView.m in Sources */ = {isa = PBXBuildFile; fileRef = 1D6B8FE620EF09EE00BBEAD1 /* BKCycleScrollImageView.m */; };
		1D6B8FEF20EF09EE00BBEAD1 /* BKCycleScrollPageControl.m in Sources */ = {isa = PBXBuildFile; fileRef = 1D6B8FE720EF09EE00BBEAD1 /* BKCycleScrollPageControl.m */; };
		1D6B8FF720EF0C1200BBEAD1 /* BKConstant.m in Sources */ = {isa = PBXBuildFile; fileRef = 1D6B8FF620EF0C1200BBEAD1 /* BKConstant.m */; };
		1D6B8FFB20EF10E900BBEAD1 /* NSUserDefaults+BKExtension.m in Sources */ = {isa = PBXBuildFile; fileRef = 1D6B8FFA20EF10E900BBEAD1 /* NSUserDefaults+BKExtension.m */; };
		1D6B900120EF152100BBEAD1 /* BKNetworkRequest.m in Sources */ = {isa = PBXBuildFile; fileRef = 1D6B8FFD20EF152100BBEAD1 /* BKNetworkRequest.m */; };
		1D6B900220EF152100BBEAD1 /* BKNetworkUploadModel.m in Sources */ = {isa = PBXBuildFile; fileRef = 1D6B8FFF20EF152100BBEAD1 /* BKNetworkUploadModel.m */; };
		1D6B900520EF3BCF00BBEAD1 /* BKNetworkRequestFailureView.m in Sources */ = {isa = PBXBuildFile; fileRef = 1D6B900420EF3BCF00BBEAD1 /* BKNetworkRequestFailureView.m */; };
		1D6D067A211BD32800C23483 /* GPUImageBeautifyFilter.m in Sources */ = {isa = PBXBuildFile; fileRef = 1D6D0676211BD32800C23483 /* GPUImageBeautifyFilter.m */; };
		1D6ED1892126784E00C9E729 /* UITableView+BKExtension.m in Sources */ = {isa = PBXBuildFile; fileRef = 1D6ED1882126784E00C9E729 /* UITableView+BKExtension.m */; };
		1D6ED18D2126C5CF00C9E729 /* BKGPUImageBeautyFilter.m in Sources */ = {isa = PBXBuildFile; fileRef = 1D6ED18B2126C5CE00C9E729 /* BKGPUImageBeautyFilter.m */; };
		1D6ED1902126C90100C9E729 /* BKBeautifulSkinFilter.m in Sources */ = {isa = PBXBuildFile; fileRef = 1D6ED18F2126C90100C9E729 /* BKBeautifulSkinFilter.m */; };
		1D75217B21227D6200862397 /* BKImagePreviewViewController.m in Sources */ = {isa = PBXBuildFile; fileRef = 1D75216D21227D6200862397 /* BKImagePreviewViewController.m */; };
		1D75217C21227D6200862397 /* BKVideoPreviewViewController.m in Sources */ = {isa = PBXBuildFile; fileRef = 1D75217021227D6200862397 /* BKVideoPreviewViewController.m */; };
		1D75217D21227D6200862397 /* BKImagePreviewTransitionAnimater.m in Sources */ = {isa = PBXBuildFile; fileRef = 1D75217521227D6200862397 /* BKImagePreviewTransitionAnimater.m */; };
		1D75217E21227D6200862397 /* BKImagePreviewInteractiveTransition.m in Sources */ = {isa = PBXBuildFile; fileRef = 1D75217621227D6200862397 /* BKImagePreviewInteractiveTransition.m */; };
		1D75217F21227D6200862397 /* BKImagePreviewCollectionViewFlowLayout.m in Sources */ = {isa = PBXBuildFile; fileRef = 1D75217721227D6200862397 /* BKImagePreviewCollectionViewFlowLayout.m */; };
		1D75218021227D6200862397 /* BKImagePreviewCollectionViewCell.m in Sources */ = {isa = PBXBuildFile; fileRef = 1D75217A21227D6200862397 /* BKImagePreviewCollectionViewCell.m */; };
		1D7E145B20F360EB00E6546D /* NSObject+BKNetworkExtension.m in Sources */ = {isa = PBXBuildFile; fileRef = 1D7E145A20F360EB00E6546D /* NSObject+BKNetworkExtension.m */; };
		1D8AB8AF21216EC600032629 /* BKCameraViewController.m in Sources */ = {isa = PBXBuildFile; fileRef = 1D8AB89F21216EC600032629 /* BKCameraViewController.m */; };
		1D8AB8B021216EC600032629 /* BKCameraFilterView.m in Sources */ = {isa = PBXBuildFile; fileRef = 1D8AB8A121216EC600032629 /* BKCameraFilterView.m */; };
		1D8AB8B121216EC600032629 /* BKCameraManager.m in Sources */ = {isa = PBXBuildFile; fileRef = 1D8AB8A321216EC600032629 /* BKCameraManager.m */; };
		1D8AB8B221216EC600032629 /* BKCameraRecordProgressModel.m in Sources */ = {isa = PBXBuildFile; fileRef = 1D8AB8A721216EC600032629 /* BKCameraRecordProgressModel.m */; };
		1D8AB8B321216EC600032629 /* BKCameraRecordProgress.m in Sources */ = {isa = PBXBuildFile; fileRef = 1D8AB8A821216EC600032629 /* BKCameraRecordProgress.m */; };
		1D8AB8B421216EC600032629 /* BKCameraShutterBtn.m in Sources */ = {isa = PBXBuildFile; fileRef = 1D8AB8AA21216EC600032629 /* BKCameraShutterBtn.m */; };
		1D8AB8B521216EC600032629 /* BKCameraFocusRectangle.m in Sources */ = {isa = PBXBuildFile; fileRef = 1D8AB8AE21216EC600032629 /* BKCameraFocusRectangle.m */; };
		1D8AB8BD2121744F00032629 /* BKCameraRecordVideoPreviewViewController.m in Sources */ = {isa = PBXBuildFile; fileRef = 1D8AB8BC2121744F00032629 /* BKCameraRecordVideoPreviewViewController.m */; };
		1D8EEA6E212A690D004CF59E /* BKCameraGradientShadow.m in Sources */ = {isa = PBXBuildFile; fileRef = 1D8EEA6D212A690D004CF59E /* BKCameraGradientShadow.m */; };
		1DA0E13321002C1E005D6FB3 /* BKImagePickerConstant.m in Sources */ = {isa = PBXBuildFile; fileRef = 1DA0E13221002C1E005D6FB3 /* BKImagePickerConstant.m */; };
		1DA0E13621002C48005D6FB3 /* BKImagePicker.m in Sources */ = {isa = PBXBuildFile; fileRef = 1DA0E13521002C48005D6FB3 /* BKImagePicker.m */; };
		1DA0E13A21003506005D6FB3 /* BKImageManageModel.m in Sources */ = {isa = PBXBuildFile; fileRef = 1DA0E13921003506005D6FB3 /* BKImageManageModel.m */; };
		1DA0E14021006EC6005D6FB3 /* NSString+BKImagePicker.m in Sources */ = {isa = PBXBuildFile; fileRef = 1DA0E13F21006EC6005D6FB3 /* NSString+BKImagePicker.m */; };
		1DA9FC102105741A00A11500 /* IJKMediaFramework.framework in Frameworks */ = {isa = PBXBuildFile; fileRef = 1DA9FC0F2105741A00A11500 /* IJKMediaFramework.framework */; };
		1DA9FC132105759000A11500 /* libc++.tbd in Frameworks */ = {isa = PBXBuildFile; fileRef = 1DA9FC11210574AA00A11500 /* libc++.tbd */; };
		1DB1786F20EDAD9000BA7652 /* AppDelegate.m in Sources */ = {isa = PBXBuildFile; fileRef = 1DB1786E20EDAD9000BA7652 /* AppDelegate.m */; };
		1DB1787720EDAD9100BA7652 /* Assets.xcassets in Resources */ = {isa = PBXBuildFile; fileRef = 1DB1787620EDAD9100BA7652 /* Assets.xcassets */; };
		1DB1787D20EDAD9100BA7652 /* main.m in Sources */ = {isa = PBXBuildFile; fileRef = 1DB1787C20EDAD9100BA7652 /* main.m */; };
		1DB1788B20EDB52F00BA7652 /* BKShareManager.m in Sources */ = {isa = PBXBuildFile; fileRef = 1DB1788A20EDB52F00BA7652 /* BKShareManager.m */; };
		1DB1789020EDB81A00BA7652 /* NSObject+BKExtension.m in Sources */ = {isa = PBXBuildFile; fileRef = 1DB1788F20EDB81A00BA7652 /* NSObject+BKExtension.m */; };
		1DB1789320EDCA7100BA7652 /* NSDate+BKExtension.m in Sources */ = {isa = PBXBuildFile; fileRef = 1DB1789220EDCA7100BA7652 /* NSDate+BKExtension.m */; };
		1DB1789720EDEB8400BA7652 /* BKTimer.m in Sources */ = {isa = PBXBuildFile; fileRef = 1DB1789620EDEB8400BA7652 /* BKTimer.m */; };
		1DB1789A20EDFC8000BA7652 /* BKTimerModel.m in Sources */ = {isa = PBXBuildFile; fileRef = 1DB1789920EDFC8000BA7652 /* BKTimerModel.m */; };
		CE8A81A8C5447FF50546F4CB /* libPods-BKProjectFramework.a in Frameworks */ = {isa = PBXBuildFile; fileRef = E353447F6B4F8FD104F46519 /* libPods-BKProjectFramework.a */; };
/* End PBXBuildFile section */

/* Begin PBXFileReference section */
		1D02949220F5D85700D75606 /* UIView+BKExtension.h */ = {isa = PBXFileReference; lastKnownFileType = sourcecode.c.h; path = "UIView+BKExtension.h"; sourceTree = "<group>"; };
		1D02949320F5D85700D75606 /* UIView+BKExtension.m */ = {isa = PBXFileReference; lastKnownFileType = sourcecode.c.objc; path = "UIView+BKExtension.m"; sourceTree = "<group>"; };
		1D02949620F5DA8100D75606 /* BKRoundedRectView.h */ = {isa = PBXFileReference; lastKnownFileType = sourcecode.c.h; path = BKRoundedRectView.h; sourceTree = "<group>"; };
		1D02949720F5DA8100D75606 /* BKRoundedRectView.m */ = {isa = PBXFileReference; lastKnownFileType = sourcecode.c.objc; path = BKRoundedRectView.m; sourceTree = "<group>"; };
		1D02949920F5DE9200D75606 /* NSString+BKExtension.h */ = {isa = PBXFileReference; lastKnownFileType = sourcecode.c.h; path = "NSString+BKExtension.h"; sourceTree = "<group>"; };
		1D02949A20F5DE9200D75606 /* NSString+BKExtension.m */ = {isa = PBXFileReference; lastKnownFileType = sourcecode.c.objc; path = "NSString+BKExtension.m"; sourceTree = "<group>"; };
		1D0294A220F5E3F100D75606 /* GTMBase64.h */ = {isa = PBXFileReference; fileEncoding = 4; lastKnownFileType = sourcecode.c.h; path = GTMBase64.h; sourceTree = "<group>"; };
		1D0294A320F5E3F100D75606 /* GTMDefines.h */ = {isa = PBXFileReference; fileEncoding = 4; lastKnownFileType = sourcecode.c.h; path = GTMDefines.h; sourceTree = "<group>"; };
		1D0294A420F5E3F100D75606 /* GTMBase64.m */ = {isa = PBXFileReference; fileEncoding = 4; lastKnownFileType = sourcecode.c.objc; path = GTMBase64.m; sourceTree = "<group>"; };
		1D0294A620F5E74900D75606 /* UIImageView+BKExtension.h */ = {isa = PBXFileReference; lastKnownFileType = sourcecode.c.h; path = "UIImageView+BKExtension.h"; sourceTree = "<group>"; };
		1D0294A720F5E74900D75606 /* UIImageView+BKExtension.m */ = {isa = PBXFileReference; lastKnownFileType = sourcecode.c.objc; path = "UIImageView+BKExtension.m"; sourceTree = "<group>"; };
		1D0294A920F5ED2B00D75606 /* UIImage+BKExtension.h */ = {isa = PBXFileReference; lastKnownFileType = sourcecode.c.h; path = "UIImage+BKExtension.h"; sourceTree = "<group>"; };
		1D0294AA20F5ED2B00D75606 /* UIImage+BKExtension.m */ = {isa = PBXFileReference; lastKnownFileType = sourcecode.c.objc; path = "UIImage+BKExtension.m"; sourceTree = "<group>"; };
		1D0294AD20F5FCEA00D75606 /* BKScrollView.h */ = {isa = PBXFileReference; lastKnownFileType = sourcecode.c.h; path = BKScrollView.h; sourceTree = "<group>"; };
		1D0294AE20F5FCEA00D75606 /* BKScrollView.m */ = {isa = PBXFileReference; lastKnownFileType = sourcecode.c.objc; path = BKScrollView.m; sourceTree = "<group>"; };
		1D0294B020F5FD9500D75606 /* BKTableView.h */ = {isa = PBXFileReference; lastKnownFileType = sourcecode.c.h; path = BKTableView.h; sourceTree = "<group>"; };
		1D0294B120F5FD9500D75606 /* BKTableView.m */ = {isa = PBXFileReference; lastKnownFileType = sourcecode.c.objc; path = BKTableView.m; sourceTree = "<group>"; };
		1D0294B320F5FDC700D75606 /* BKCollectionView.h */ = {isa = PBXFileReference; lastKnownFileType = sourcecode.c.h; path = BKCollectionView.h; sourceTree = "<group>"; };
		1D0294B420F5FDC700D75606 /* BKCollectionView.m */ = {isa = PBXFileReference; lastKnownFileType = sourcecode.c.objc; path = BKCollectionView.m; sourceTree = "<group>"; };
		1D0294B620F5FFB200D75606 /* BKImageView.h */ = {isa = PBXFileReference; lastKnownFileType = sourcecode.c.h; path = BKImageView.h; sourceTree = "<group>"; };
		1D0294B720F5FFB200D75606 /* BKImageView.m */ = {isa = PBXFileReference; lastKnownFileType = sourcecode.c.objc; path = BKImageView.m; sourceTree = "<group>"; };
		1D0294BA20F6003300D75606 /* BKTabBarController.h */ = {isa = PBXFileReference; lastKnownFileType = sourcecode.c.h; path = BKTabBarController.h; sourceTree = "<group>"; };
		1D0294BB20F6003300D75606 /* BKTabBarController.m */ = {isa = PBXFileReference; lastKnownFileType = sourcecode.c.objc; path = BKTabBarController.m; sourceTree = "<group>"; };
		1D0294BD20F6004B00D75606 /* BKTabBar.h */ = {isa = PBXFileReference; lastKnownFileType = sourcecode.c.h; path = BKTabBar.h; sourceTree = "<group>"; };
		1D0294BE20F6004B00D75606 /* BKTabBar.m */ = {isa = PBXFileReference; lastKnownFileType = sourcecode.c.objc; path = BKTabBar.m; sourceTree = "<group>"; };
		1D0294C020F6058700D75606 /* BKTabBarBtn.h */ = {isa = PBXFileReference; lastKnownFileType = sourcecode.c.h; path = BKTabBarBtn.h; sourceTree = "<group>"; };
		1D0294C120F6058700D75606 /* BKTabBarBtn.m */ = {isa = PBXFileReference; lastKnownFileType = sourcecode.c.objc; path = BKTabBarBtn.m; sourceTree = "<group>"; };
		1D3AA76320F6F5650010FBB5 /* BKBaseViewController.h */ = {isa = PBXFileReference; lastKnownFileType = sourcecode.c.h; path = BKBaseViewController.h; sourceTree = "<group>"; };
		1D3AA76420F6F5650010FBB5 /* BKBaseViewController.m */ = {isa = PBXFileReference; lastKnownFileType = sourcecode.c.objc; path = BKBaseViewController.m; sourceTree = "<group>"; };
		1D3AA77320F740FA0010FBB5 /* BKTransitionAnimater.h */ = {isa = PBXFileReference; fileEncoding = 4; lastKnownFileType = sourcecode.c.h; path = BKTransitionAnimater.h; sourceTree = "<group>"; };
		1D3AA77420F740FA0010FBB5 /* UINavigationController+BKNavExtension.m */ = {isa = PBXFileReference; fileEncoding = 4; lastKnownFileType = sourcecode.c.objc; path = "UINavigationController+BKNavExtension.m"; sourceTree = "<group>"; };
		1D3AA77520F740FA0010FBB5 /* BKPercentDrivenInteractiveTransition.h */ = {isa = PBXFileReference; fileEncoding = 4; lastKnownFileType = sourcecode.c.h; path = BKPercentDrivenInteractiveTransition.h; sourceTree = "<group>"; };
		1D3AA77620F740FA0010FBB5 /* BKNavViewController.m */ = {isa = PBXFileReference; fileEncoding = 4; lastKnownFileType = sourcecode.c.objc; path = BKNavViewController.m; sourceTree = "<group>"; };
		1D3AA77720F740FA0010FBB5 /* UINavigationController+BKNavExtension.h */ = {isa = PBXFileReference; fileEncoding = 4; lastKnownFileType = sourcecode.c.h; path = "UINavigationController+BKNavExtension.h"; sourceTree = "<group>"; };
		1D3AA77820F740FA0010FBB5 /* BKTransitionAnimater.m */ = {isa = PBXFileReference; fileEncoding = 4; lastKnownFileType = sourcecode.c.objc; path = BKTransitionAnimater.m; sourceTree = "<group>"; };
		1D3AA77920F740FA0010FBB5 /* BKNavViewController.h */ = {isa = PBXFileReference; fileEncoding = 4; lastKnownFileType = sourcecode.c.h; path = BKNavViewController.h; sourceTree = "<group>"; };
		1D3AA77A20F740FA0010FBB5 /* BKPercentDrivenInteractiveTransition.m */ = {isa = PBXFileReference; fileEncoding = 4; lastKnownFileType = sourcecode.c.objc; path = BKPercentDrivenInteractiveTransition.m; sourceTree = "<group>"; };
		1D3AA77F20F7412F0010FBB5 /* BKNavButton.h */ = {isa = PBXFileReference; lastKnownFileType = sourcecode.c.h; path = BKNavButton.h; sourceTree = "<group>"; };
		1D3AA78020F7412F0010FBB5 /* BKNavButton.m */ = {isa = PBXFileReference; lastKnownFileType = sourcecode.c.objc; path = BKNavButton.m; sourceTree = "<group>"; };
		1D45CA4620FC6892003C7BA4 /* NSObject+BKImagePicker.m */ = {isa = PBXFileReference; fileEncoding = 4; lastKnownFileType = sourcecode.c.objc; path = "NSObject+BKImagePicker.m"; sourceTree = "<group>"; };
		1D45CA4720FC6892003C7BA4 /* UIBezierPath+BKImagePicker.h */ = {isa = PBXFileReference; fileEncoding = 4; lastKnownFileType = sourcecode.c.h; path = "UIBezierPath+BKImagePicker.h"; sourceTree = "<group>"; };
		1D45CA4820FC6892003C7BA4 /* UIView+BKImagePicker.m */ = {isa = PBXFileReference; fileEncoding = 4; lastKnownFileType = sourcecode.c.objc; path = "UIView+BKImagePicker.m"; sourceTree = "<group>"; };
		1D45CA4920FC6892003C7BA4 /* UIImage+BKImagePicker.m */ = {isa = PBXFileReference; fileEncoding = 4; lastKnownFileType = sourcecode.c.objc; path = "UIImage+BKImagePicker.m"; sourceTree = "<group>"; };
		1D45CA4A20FC6892003C7BA4 /* NSObject+BKImagePicker.h */ = {isa = PBXFileReference; fileEncoding = 4; lastKnownFileType = sourcecode.c.h; path = "NSObject+BKImagePicker.h"; sourceTree = "<group>"; };
		1D45CA4B20FC6892003C7BA4 /* UIBezierPath+BKImagePicker.m */ = {isa = PBXFileReference; fileEncoding = 4; lastKnownFileType = sourcecode.c.objc; path = "UIBezierPath+BKImagePicker.m"; sourceTree = "<group>"; };
		1D45CA4C20FC6892003C7BA4 /* UIImage+BKImagePicker.h */ = {isa = PBXFileReference; fileEncoding = 4; lastKnownFileType = sourcecode.c.h; path = "UIImage+BKImagePicker.h"; sourceTree = "<group>"; };
		1D45CA4D20FC6892003C7BA4 /* UIView+BKImagePicker.h */ = {isa = PBXFileReference; fileEncoding = 4; lastKnownFileType = sourcecode.c.h; path = "UIView+BKImagePicker.h"; sourceTree = "<group>"; };
		1D45CA4E20FC6892003C7BA4 /* BKImageModel.h */ = {isa = PBXFileReference; fileEncoding = 4; lastKnownFileType = sourcecode.c.h; path = BKImageModel.h; sourceTree = "<group>"; };
		1D45CA4F20FC6892003C7BA4 /* BKImageModel.m */ = {isa = PBXFileReference; fileEncoding = 4; lastKnownFileType = sourcecode.c.objc; path = BKImageModel.m; sourceTree = "<group>"; };
		1D45CA5120FC6892003C7BA4 /* BKImage.bundle */ = {isa = PBXFileReference; lastKnownFileType = "wrapper.plug-in"; path = BKImage.bundle; sourceTree = "<group>"; };
		1D45CA6520FC6892003C7BA4 /* BKEditImageViewController.h */ = {isa = PBXFileReference; fileEncoding = 4; lastKnownFileType = sourcecode.c.h; path = BKEditImageViewController.h; sourceTree = "<group>"; };
		1D45CA6620FC6892003C7BA4 /* BKEditImageViewController.m */ = {isa = PBXFileReference; fileEncoding = 4; lastKnownFileType = sourcecode.c.objc; path = BKEditImageViewController.m; sourceTree = "<group>"; };
		1D45CA6820FC6892003C7BA4 /* BKEditImageDrawModel.m */ = {isa = PBXFileReference; fileEncoding = 4; lastKnownFileType = sourcecode.c.objc; path = BKEditImageDrawModel.m; sourceTree = "<group>"; };
		1D45CA6920FC6892003C7BA4 /* BKEditImageDrawModel.h */ = {isa = PBXFileReference; fileEncoding = 4; lastKnownFileType = sourcecode.c.h; path = BKEditImageDrawModel.h; sourceTree = "<group>"; };
		1D45CA6B20FC6892003C7BA4 /* BKEditImageWriteView.h */ = {isa = PBXFileReference; fileEncoding = 4; lastKnownFileType = sourcecode.c.h; path = BKEditImageWriteView.h; sourceTree = "<group>"; };
		1D45CA6C20FC6892003C7BA4 /* BKEditImageBgView.h */ = {isa = PBXFileReference; fileEncoding = 4; lastKnownFileType = sourcecode.c.h; path = BKEditImageBgView.h; sourceTree = "<group>"; };
		1D45CA6D20FC6892003C7BA4 /* BKEditImagePreviewCollectionViewFlowLayout.m */ = {isa = PBXFileReference; fileEncoding = 4; lastKnownFileType = sourcecode.c.objc; path = BKEditImagePreviewCollectionViewFlowLayout.m; sourceTree = "<group>"; };
		1D45CA6E20FC6892003C7BA4 /* BKEditImageBottomView.h */ = {isa = PBXFileReference; fileEncoding = 4; lastKnownFileType = sourcecode.c.h; path = BKEditImageBottomView.h; sourceTree = "<group>"; };
		1D45CA6F20FC6892003C7BA4 /* BKEditImageClipFrameView.m */ = {isa = PBXFileReference; fileEncoding = 4; lastKnownFileType = sourcecode.c.objc; path = BKEditImageClipFrameView.m; sourceTree = "<group>"; };
		1D45CA7020FC6892003C7BA4 /* BKEditImagePreviewCollectionViewCell.h */ = {isa = PBXFileReference; fileEncoding = 4; lastKnownFileType = sourcecode.c.h; path = BKEditImagePreviewCollectionViewCell.h; sourceTree = "<group>"; };
		1D45CA7120FC6892003C7BA4 /* BKEditImageClipView.m */ = {isa = PBXFileReference; fileEncoding = 4; lastKnownFileType = sourcecode.c.objc; path = BKEditImageClipView.m; sourceTree = "<group>"; };
		1D45CA7220FC6892003C7BA4 /* BKEditImageDrawView.m */ = {isa = PBXFileReference; fileEncoding = 4; lastKnownFileType = sourcecode.c.objc; path = BKEditImageDrawView.m; sourceTree = "<group>"; };
		1D45CA7320FC6892003C7BA4 /* BKEditImageWriteView.m */ = {isa = PBXFileReference; fileEncoding = 4; lastKnownFileType = sourcecode.c.objc; path = BKEditImageWriteView.m; sourceTree = "<group>"; };
		1D45CA7420FC6892003C7BA4 /* BKEditImageBottomView.m */ = {isa = PBXFileReference; fileEncoding = 4; lastKnownFileType = sourcecode.c.objc; path = BKEditImageBottomView.m; sourceTree = "<group>"; };
		1D45CA7520FC6892003C7BA4 /* BKEditImagePreviewCollectionViewFlowLayout.h */ = {isa = PBXFileReference; fileEncoding = 4; lastKnownFileType = sourcecode.c.h; path = BKEditImagePreviewCollectionViewFlowLayout.h; sourceTree = "<group>"; };
		1D45CA7620FC6892003C7BA4 /* BKEditImageBgView.m */ = {isa = PBXFileReference; fileEncoding = 4; lastKnownFileType = sourcecode.c.objc; path = BKEditImageBgView.m; sourceTree = "<group>"; };
		1D45CA7720FC6892003C7BA4 /* BKEditImageClipFrameView.h */ = {isa = PBXFileReference; fileEncoding = 4; lastKnownFileType = sourcecode.c.h; path = BKEditImageClipFrameView.h; sourceTree = "<group>"; };
		1D45CA7820FC6892003C7BA4 /* BKEditImageDrawView.h */ = {isa = PBXFileReference; fileEncoding = 4; lastKnownFileType = sourcecode.c.h; path = BKEditImageDrawView.h; sourceTree = "<group>"; };
		1D45CA7920FC6892003C7BA4 /* BKEditImageClipView.h */ = {isa = PBXFileReference; fileEncoding = 4; lastKnownFileType = sourcecode.c.h; path = BKEditImageClipView.h; sourceTree = "<group>"; };
		1D45CA7A20FC6892003C7BA4 /* BKEditImagePreviewCollectionViewCell.m */ = {isa = PBXFileReference; fileEncoding = 4; lastKnownFileType = sourcecode.c.objc; path = BKEditImagePreviewCollectionViewCell.m; sourceTree = "<group>"; };
		1D45CA7E20FC6892003C7BA4 /* BKImagePickerViewController.h */ = {isa = PBXFileReference; fileEncoding = 4; lastKnownFileType = sourcecode.c.h; path = BKImagePickerViewController.h; sourceTree = "<group>"; };
		1D45CA7F20FC6892003C7BA4 /* BKImagePickerViewController.m */ = {isa = PBXFileReference; fileEncoding = 4; lastKnownFileType = sourcecode.c.objc; path = BKImagePickerViewController.m; sourceTree = "<group>"; };
		1D45CA8120FC6892003C7BA4 /* BKImageAlbumItemView.m */ = {isa = PBXFileReference; fileEncoding = 4; lastKnownFileType = sourcecode.c.objc; path = BKImageAlbumItemView.m; sourceTree = "<group>"; };
		1D45CA8220FC6892003C7BA4 /* BKImageOriginalButton.m */ = {isa = PBXFileReference; fileEncoding = 4; lastKnownFileType = sourcecode.c.objc; path = BKImageOriginalButton.m; sourceTree = "<group>"; };
		1D45CA8320FC6892003C7BA4 /* BKImagePickerFooterCollectionReusableView.m */ = {isa = PBXFileReference; fileEncoding = 4; lastKnownFileType = sourcecode.c.objc; path = BKImagePickerFooterCollectionReusableView.m; sourceTree = "<group>"; };
		1D45CA8420FC6892003C7BA4 /* BKImageAlbumItemSelectButton.m */ = {isa = PBXFileReference; fileEncoding = 4; lastKnownFileType = sourcecode.c.objc; path = BKImageAlbumItemSelectButton.m; sourceTree = "<group>"; };
		1D45CA8520FC6892003C7BA4 /* BKImagePickerCollectionViewCell.m */ = {isa = PBXFileReference; fileEncoding = 4; lastKnownFileType = sourcecode.c.objc; path = BKImagePickerCollectionViewCell.m; sourceTree = "<group>"; };
		1D45CA8620FC6892003C7BA4 /* BKImageOriginalButton.h */ = {isa = PBXFileReference; fileEncoding = 4; lastKnownFileType = sourcecode.c.h; path = BKImageOriginalButton.h; sourceTree = "<group>"; };
		1D45CA8720FC6892003C7BA4 /* BKImagePickerFooterCollectionReusableView.h */ = {isa = PBXFileReference; fileEncoding = 4; lastKnownFileType = sourcecode.c.h; path = BKImagePickerFooterCollectionReusableView.h; sourceTree = "<group>"; };
		1D45CA8820FC6892003C7BA4 /* BKImageAlbumItemView.h */ = {isa = PBXFileReference; fileEncoding = 4; lastKnownFileType = sourcecode.c.h; path = BKImageAlbumItemView.h; sourceTree = "<group>"; };
		1D45CA8920FC6892003C7BA4 /* BKImagePickerCollectionViewCell.h */ = {isa = PBXFileReference; fileEncoding = 4; lastKnownFileType = sourcecode.c.h; path = BKImagePickerCollectionViewCell.h; sourceTree = "<group>"; };
		1D45CA8A20FC6892003C7BA4 /* BKImageAlbumItemSelectButton.h */ = {isa = PBXFileReference; fileEncoding = 4; lastKnownFileType = sourcecode.c.h; path = BKImageAlbumItemSelectButton.h; sourceTree = "<group>"; };
		1D45CA9D20FC6892003C7BA4 /* BKImageAlbumListViewController.h */ = {isa = PBXFileReference; fileEncoding = 4; lastKnownFileType = sourcecode.c.h; path = BKImageAlbumListViewController.h; sourceTree = "<group>"; };
		1D45CA9E20FC6892003C7BA4 /* BKImageAlbumListViewController.m */ = {isa = PBXFileReference; fileEncoding = 4; lastKnownFileType = sourcecode.c.objc; path = BKImageAlbumListViewController.m; sourceTree = "<group>"; };
		1D45CAA020FC6892003C7BA4 /* BKImageAlbumListModel.m */ = {isa = PBXFileReference; fileEncoding = 4; lastKnownFileType = sourcecode.c.objc; path = BKImageAlbumListModel.m; sourceTree = "<group>"; };
		1D45CAA120FC6892003C7BA4 /* BKImageAlbumListModel.h */ = {isa = PBXFileReference; fileEncoding = 4; lastKnownFileType = sourcecode.c.h; path = BKImageAlbumListModel.h; sourceTree = "<group>"; };
		1D45CAA320FC6892003C7BA4 /* BKImageAlbumListTableViewCell.m */ = {isa = PBXFileReference; fileEncoding = 4; lastKnownFileType = sourcecode.c.objc; path = BKImageAlbumListTableViewCell.m; sourceTree = "<group>"; };
		1D45CAA420FC6892003C7BA4 /* BKImageAlbumListTableViewCell.h */ = {isa = PBXFileReference; fileEncoding = 4; lastKnownFileType = sourcecode.c.h; path = BKImageAlbumListTableViewCell.h; sourceTree = "<group>"; };
		1D45CAD020FC7D79003C7BA4 /* AudioToolbox.framework */ = {isa = PBXFileReference; lastKnownFileType = wrapper.framework; name = AudioToolbox.framework; path = System/Library/Frameworks/AudioToolbox.framework; sourceTree = SDKROOT; };
		1D45CAD220FC7D7E003C7BA4 /* AVFoundation.framework */ = {isa = PBXFileReference; lastKnownFileType = wrapper.framework; name = AVFoundation.framework; path = System/Library/Frameworks/AVFoundation.framework; sourceTree = SDKROOT; };
		1D45CAD420FC7D89003C7BA4 /* CoreGraphics.framework */ = {isa = PBXFileReference; lastKnownFileType = wrapper.framework; name = CoreGraphics.framework; path = System/Library/Frameworks/CoreGraphics.framework; sourceTree = SDKROOT; };
		1D45CAD620FC7DAD003C7BA4 /* CoreMedia.framework */ = {isa = PBXFileReference; lastKnownFileType = wrapper.framework; name = CoreMedia.framework; path = System/Library/Frameworks/CoreMedia.framework; sourceTree = SDKROOT; };
		1D45CAD820FC7DBC003C7BA4 /* CoreVideo.framework */ = {isa = PBXFileReference; lastKnownFileType = wrapper.framework; name = CoreVideo.framework; path = System/Library/Frameworks/CoreVideo.framework; sourceTree = SDKROOT; };
		1D45CADA20FC7DCA003C7BA4 /* libbz2.tbd */ = {isa = PBXFileReference; lastKnownFileType = "sourcecode.text-based-dylib-definition"; name = libbz2.tbd; path = usr/lib/libbz2.tbd; sourceTree = SDKROOT; };
		1D45CADC20FC7DD2003C7BA4 /* libz.tbd */ = {isa = PBXFileReference; lastKnownFileType = "sourcecode.text-based-dylib-definition"; name = libz.tbd; path = usr/lib/libz.tbd; sourceTree = SDKROOT; };
		1D45CADE20FC7DD9003C7BA4 /* MediaPlayer.framework */ = {isa = PBXFileReference; lastKnownFileType = wrapper.framework; name = MediaPlayer.framework; path = System/Library/Frameworks/MediaPlayer.framework; sourceTree = SDKROOT; };
		1D45CAE020FC7DE4003C7BA4 /* MobileCoreServices.framework */ = {isa = PBXFileReference; lastKnownFileType = wrapper.framework; name = MobileCoreServices.framework; path = System/Library/Frameworks/MobileCoreServices.framework; sourceTree = SDKROOT; };
		1D45CAE220FC7DEC003C7BA4 /* OpenGLES.framework */ = {isa = PBXFileReference; lastKnownFileType = wrapper.framework; name = OpenGLES.framework; path = System/Library/Frameworks/OpenGLES.framework; sourceTree = SDKROOT; };
		1D45CAE420FC7DF3003C7BA4 /* QuartzCore.framework */ = {isa = PBXFileReference; lastKnownFileType = wrapper.framework; name = QuartzCore.framework; path = System/Library/Frameworks/QuartzCore.framework; sourceTree = SDKROOT; };
		1D45CAE620FC7DFC003C7BA4 /* UIKit.framework */ = {isa = PBXFileReference; lastKnownFileType = wrapper.framework; name = UIKit.framework; path = System/Library/Frameworks/UIKit.framework; sourceTree = SDKROOT; };
		1D45CAE820FC7E09003C7BA4 /* VideoToolbox.framework */ = {isa = PBXFileReference; lastKnownFileType = wrapper.framework; name = VideoToolbox.framework; path = System/Library/Frameworks/VideoToolbox.framework; sourceTree = SDKROOT; };
		1D45CB0220FC8328003C7BA4 /* BKImageBaseViewController.h */ = {isa = PBXFileReference; lastKnownFileType = sourcecode.c.h; path = BKImageBaseViewController.h; sourceTree = "<group>"; };
		1D45CB0320FC8328003C7BA4 /* BKImageBaseViewController.m */ = {isa = PBXFileReference; lastKnownFileType = sourcecode.c.objc; path = BKImageBaseViewController.m; sourceTree = "<group>"; };
		1D50C9D320FF2BFC00626230 /* BKDemoViewController.h */ = {isa = PBXFileReference; fileEncoding = 4; lastKnownFileType = sourcecode.c.h; path = BKDemoViewController.h; sourceTree = "<group>"; };
		1D50C9D420FF2BFC00626230 /* BKDemoViewController.m */ = {isa = PBXFileReference; fileEncoding = 4; lastKnownFileType = sourcecode.c.objc; path = BKDemoViewController.m; sourceTree = "<group>"; };
		1D6B8FE120EF09EE00BBEAD1 /* BKCycleScrollImageView.h */ = {isa = PBXFileReference; fileEncoding = 4; lastKnownFileType = sourcecode.c.h; path = BKCycleScrollImageView.h; sourceTree = "<group>"; };
		1D6B8FE220EF09EE00BBEAD1 /* BKCycleScrollView.m */ = {isa = PBXFileReference; fileEncoding = 4; lastKnownFileType = sourcecode.c.objc; path = BKCycleScrollView.m; sourceTree = "<group>"; };
		1D6B8FE320EF09EE00BBEAD1 /* BKCycleScrollCollectionViewCell.m */ = {isa = PBXFileReference; fileEncoding = 4; lastKnownFileType = sourcecode.c.objc; path = BKCycleScrollCollectionViewCell.m; sourceTree = "<group>"; };
		1D6B8FE420EF09EE00BBEAD1 /* BKCycleScrollPageControl.h */ = {isa = PBXFileReference; fileEncoding = 4; lastKnownFileType = sourcecode.c.h; path = BKCycleScrollPageControl.h; sourceTree = "<group>"; };
		1D6B8FE520EF09EE00BBEAD1 /* BKCycleCollectionViewFlowLayout.m */ = {isa = PBXFileReference; fileEncoding = 4; lastKnownFileType = sourcecode.c.objc; path = BKCycleCollectionViewFlowLayout.m; sourceTree = "<group>"; };
		1D6B8FE620EF09EE00BBEAD1 /* BKCycleScrollImageView.m */ = {isa = PBXFileReference; fileEncoding = 4; lastKnownFileType = sourcecode.c.objc; path = BKCycleScrollImageView.m; sourceTree = "<group>"; };
		1D6B8FE720EF09EE00BBEAD1 /* BKCycleScrollPageControl.m */ = {isa = PBXFileReference; fileEncoding = 4; lastKnownFileType = sourcecode.c.objc; path = BKCycleScrollPageControl.m; sourceTree = "<group>"; };
		1D6B8FE820EF09EE00BBEAD1 /* BKCycleScrollCollectionViewCell.h */ = {isa = PBXFileReference; fileEncoding = 4; lastKnownFileType = sourcecode.c.h; path = BKCycleScrollCollectionViewCell.h; sourceTree = "<group>"; };
		1D6B8FE920EF09EE00BBEAD1 /* BKCycleScrollView.h */ = {isa = PBXFileReference; fileEncoding = 4; lastKnownFileType = sourcecode.c.h; path = BKCycleScrollView.h; sourceTree = "<group>"; };
		1D6B8FEA20EF09EE00BBEAD1 /* BKCycleCollectionViewFlowLayout.h */ = {isa = PBXFileReference; fileEncoding = 4; lastKnownFileType = sourcecode.c.h; path = BKCycleCollectionViewFlowLayout.h; sourceTree = "<group>"; };
		1D6B8FF220EF0BE700BBEAD1 /* BKConstant.h */ = {isa = PBXFileReference; lastKnownFileType = sourcecode.c.h; path = BKConstant.h; sourceTree = "<group>"; };
		1D6B8FF320EF0BF500BBEAD1 /* BKMacro.h */ = {isa = PBXFileReference; lastKnownFileType = sourcecode.c.h; path = BKMacro.h; sourceTree = "<group>"; };
		1D6B8FF620EF0C1200BBEAD1 /* BKConstant.m */ = {isa = PBXFileReference; lastKnownFileType = sourcecode.c.objc; path = BKConstant.m; sourceTree = "<group>"; };
		1D6B8FF920EF10E900BBEAD1 /* NSUserDefaults+BKExtension.h */ = {isa = PBXFileReference; lastKnownFileType = sourcecode.c.h; path = "NSUserDefaults+BKExtension.h"; sourceTree = "<group>"; };
		1D6B8FFA20EF10E900BBEAD1 /* NSUserDefaults+BKExtension.m */ = {isa = PBXFileReference; lastKnownFileType = sourcecode.c.objc; path = "NSUserDefaults+BKExtension.m"; sourceTree = "<group>"; };
		1D6B8FFD20EF152100BBEAD1 /* BKNetworkRequest.m */ = {isa = PBXFileReference; fileEncoding = 4; lastKnownFileType = sourcecode.c.objc; path = BKNetworkRequest.m; sourceTree = "<group>"; };
		1D6B8FFE20EF152100BBEAD1 /* BKNetworkUploadModel.h */ = {isa = PBXFileReference; fileEncoding = 4; lastKnownFileType = sourcecode.c.h; path = BKNetworkUploadModel.h; sourceTree = "<group>"; };
		1D6B8FFF20EF152100BBEAD1 /* BKNetworkUploadModel.m */ = {isa = PBXFileReference; fileEncoding = 4; lastKnownFileType = sourcecode.c.objc; path = BKNetworkUploadModel.m; sourceTree = "<group>"; };
		1D6B900020EF152100BBEAD1 /* BKNetworkRequest.h */ = {isa = PBXFileReference; fileEncoding = 4; lastKnownFileType = sourcecode.c.h; path = BKNetworkRequest.h; sourceTree = "<group>"; };
		1D6B900320EF3BCF00BBEAD1 /* BKNetworkRequestFailureView.h */ = {isa = PBXFileReference; lastKnownFileType = sourcecode.c.h; path = BKNetworkRequestFailureView.h; sourceTree = "<group>"; };
		1D6B900420EF3BCF00BBEAD1 /* BKNetworkRequestFailureView.m */ = {isa = PBXFileReference; lastKnownFileType = sourcecode.c.objc; path = BKNetworkRequestFailureView.m; sourceTree = "<group>"; };
		1D6D0676211BD32800C23483 /* GPUImageBeautifyFilter.m */ = {isa = PBXFileReference; fileEncoding = 4; lastKnownFileType = sourcecode.c.objc; path = GPUImageBeautifyFilter.m; sourceTree = "<group>"; };
		1D6D0677211BD32800C23483 /* GPUImageBeautifyFilter.h */ = {isa = PBXFileReference; fileEncoding = 4; lastKnownFileType = sourcecode.c.h; path = GPUImageBeautifyFilter.h; sourceTree = "<group>"; };
		1D6ED1872126784E00C9E729 /* UITableView+BKExtension.h */ = {isa = PBXFileReference; lastKnownFileType = sourcecode.c.h; path = "UITableView+BKExtension.h"; sourceTree = "<group>"; };
		1D6ED1882126784E00C9E729 /* UITableView+BKExtension.m */ = {isa = PBXFileReference; lastKnownFileType = sourcecode.c.objc; path = "UITableView+BKExtension.m"; sourceTree = "<group>"; };
		1D6ED18B2126C5CE00C9E729 /* BKGPUImageBeautyFilter.m */ = {isa = PBXFileReference; fileEncoding = 4; lastKnownFileType = sourcecode.c.objc; path = BKGPUImageBeautyFilter.m; sourceTree = "<group>"; };
		1D6ED18C2126C5CE00C9E729 /* BKGPUImageBeautyFilter.h */ = {isa = PBXFileReference; fileEncoding = 4; lastKnownFileType = sourcecode.c.h; path = BKGPUImageBeautyFilter.h; sourceTree = "<group>"; };
		1D6ED18E2126C90100C9E729 /* BKBeautifulSkinFilter.h */ = {isa = PBXFileReference; lastKnownFileType = sourcecode.c.h; path = BKBeautifulSkinFilter.h; sourceTree = "<group>"; };
		1D6ED18F2126C90100C9E729 /* BKBeautifulSkinFilter.m */ = {isa = PBXFileReference; lastKnownFileType = sourcecode.c.objc; path = BKBeautifulSkinFilter.m; sourceTree = "<group>"; };
		1D75216D21227D6200862397 /* BKImagePreviewViewController.m */ = {isa = PBXFileReference; fileEncoding = 4; lastKnownFileType = sourcecode.c.objc; path = BKImagePreviewViewController.m; sourceTree = "<group>"; };
		1D75216E21227D6200862397 /* BKVideoPreviewViewController.h */ = {isa = PBXFileReference; fileEncoding = 4; lastKnownFileType = sourcecode.c.h; path = BKVideoPreviewViewController.h; sourceTree = "<group>"; };
		1D75216F21227D6200862397 /* BKImagePreviewViewController.h */ = {isa = PBXFileReference; fileEncoding = 4; lastKnownFileType = sourcecode.c.h; path = BKImagePreviewViewController.h; sourceTree = "<group>"; };
		1D75217021227D6200862397 /* BKVideoPreviewViewController.m */ = {isa = PBXFileReference; fileEncoding = 4; lastKnownFileType = sourcecode.c.objc; path = BKVideoPreviewViewController.m; sourceTree = "<group>"; };
		1D75217221227D6200862397 /* BKImagePreviewTransitionAnimater.h */ = {isa = PBXFileReference; fileEncoding = 4; lastKnownFileType = sourcecode.c.h; path = BKImagePreviewTransitionAnimater.h; sourceTree = "<group>"; };
		1D75217321227D6200862397 /* BKImagePreviewInteractiveTransition.h */ = {isa = PBXFileReference; fileEncoding = 4; lastKnownFileType = sourcecode.c.h; path = BKImagePreviewInteractiveTransition.h; sourceTree = "<group>"; };
		1D75217421227D6200862397 /* BKImagePreviewCollectionViewFlowLayout.h */ = {isa = PBXFileReference; fileEncoding = 4; lastKnownFileType = sourcecode.c.h; path = BKImagePreviewCollectionViewFlowLayout.h; sourceTree = "<group>"; };
		1D75217521227D6200862397 /* BKImagePreviewTransitionAnimater.m */ = {isa = PBXFileReference; fileEncoding = 4; lastKnownFileType = sourcecode.c.objc; path = BKImagePreviewTransitionAnimater.m; sourceTree = "<group>"; };
		1D75217621227D6200862397 /* BKImagePreviewInteractiveTransition.m */ = {isa = PBXFileReference; fileEncoding = 4; lastKnownFileType = sourcecode.c.objc; path = BKImagePreviewInteractiveTransition.m; sourceTree = "<group>"; };
		1D75217721227D6200862397 /* BKImagePreviewCollectionViewFlowLayout.m */ = {isa = PBXFileReference; fileEncoding = 4; lastKnownFileType = sourcecode.c.objc; path = BKImagePreviewCollectionViewFlowLayout.m; sourceTree = "<group>"; };
		1D75217921227D6200862397 /* BKImagePreviewCollectionViewCell.h */ = {isa = PBXFileReference; fileEncoding = 4; lastKnownFileType = sourcecode.c.h; path = BKImagePreviewCollectionViewCell.h; sourceTree = "<group>"; };
		1D75217A21227D6200862397 /* BKImagePreviewCollectionViewCell.m */ = {isa = PBXFileReference; fileEncoding = 4; lastKnownFileType = sourcecode.c.objc; path = BKImagePreviewCollectionViewCell.m; sourceTree = "<group>"; };
		1D7E145920F360EB00E6546D /* NSObject+BKNetworkExtension.h */ = {isa = PBXFileReference; lastKnownFileType = sourcecode.c.h; path = "NSObject+BKNetworkExtension.h"; sourceTree = "<group>"; };
		1D7E145A20F360EB00E6546D /* NSObject+BKNetworkExtension.m */ = {isa = PBXFileReference; lastKnownFileType = sourcecode.c.objc; path = "NSObject+BKNetworkExtension.m"; sourceTree = "<group>"; };
		1D8AB89E21216EC600032629 /* BKCameraFilterView.h */ = {isa = PBXFileReference; fileEncoding = 4; lastKnownFileType = sourcecode.c.h; path = BKCameraFilterView.h; sourceTree = "<group>"; };
		1D8AB89F21216EC600032629 /* BKCameraViewController.m */ = {isa = PBXFileReference; fileEncoding = 4; lastKnownFileType = sourcecode.c.objc; path = BKCameraViewController.m; sourceTree = "<group>"; };
		1D8AB8A021216EC600032629 /* BKCameraManager.h */ = {isa = PBXFileReference; fileEncoding = 4; lastKnownFileType = sourcecode.c.h; path = BKCameraManager.h; sourceTree = "<group>"; };
		1D8AB8A121216EC600032629 /* BKCameraFilterView.m */ = {isa = PBXFileReference; fileEncoding = 4; lastKnownFileType = sourcecode.c.objc; path = BKCameraFilterView.m; sourceTree = "<group>"; };
		1D8AB8A221216EC600032629 /* BKCameraViewController.h */ = {isa = PBXFileReference; fileEncoding = 4; lastKnownFileType = sourcecode.c.h; path = BKCameraViewController.h; sourceTree = "<group>"; };
		1D8AB8A321216EC600032629 /* BKCameraManager.m */ = {isa = PBXFileReference; fileEncoding = 4; lastKnownFileType = sourcecode.c.objc; path = BKCameraManager.m; sourceTree = "<group>"; };
		1D8AB8A521216EC600032629 /* BKCameraRecordProgressModel.h */ = {isa = PBXFileReference; fileEncoding = 4; lastKnownFileType = sourcecode.c.h; path = BKCameraRecordProgressModel.h; sourceTree = "<group>"; };
		1D8AB8A621216EC600032629 /* BKCameraRecordProgress.h */ = {isa = PBXFileReference; fileEncoding = 4; lastKnownFileType = sourcecode.c.h; path = BKCameraRecordProgress.h; sourceTree = "<group>"; };
		1D8AB8A721216EC600032629 /* BKCameraRecordProgressModel.m */ = {isa = PBXFileReference; fileEncoding = 4; lastKnownFileType = sourcecode.c.objc; path = BKCameraRecordProgressModel.m; sourceTree = "<group>"; };
		1D8AB8A821216EC600032629 /* BKCameraRecordProgress.m */ = {isa = PBXFileReference; fileEncoding = 4; lastKnownFileType = sourcecode.c.objc; path = BKCameraRecordProgress.m; sourceTree = "<group>"; };
		1D8AB8AA21216EC600032629 /* BKCameraShutterBtn.m */ = {isa = PBXFileReference; fileEncoding = 4; lastKnownFileType = sourcecode.c.objc; path = BKCameraShutterBtn.m; sourceTree = "<group>"; };
		1D8AB8AB21216EC600032629 /* BKCameraShutterBtn.h */ = {isa = PBXFileReference; fileEncoding = 4; lastKnownFileType = sourcecode.c.h; path = BKCameraShutterBtn.h; sourceTree = "<group>"; };
		1D8AB8AD21216EC600032629 /* BKCameraFocusRectangle.h */ = {isa = PBXFileReference; fileEncoding = 4; lastKnownFileType = sourcecode.c.h; path = BKCameraFocusRectangle.h; sourceTree = "<group>"; };
		1D8AB8AE21216EC600032629 /* BKCameraFocusRectangle.m */ = {isa = PBXFileReference; fileEncoding = 4; lastKnownFileType = sourcecode.c.objc; path = BKCameraFocusRectangle.m; sourceTree = "<group>"; };
		1D8AB8BB2121744F00032629 /* BKCameraRecordVideoPreviewViewController.h */ = {isa = PBXFileReference; lastKnownFileType = sourcecode.c.h; path = BKCameraRecordVideoPreviewViewController.h; sourceTree = "<group>"; };
		1D8AB8BC2121744F00032629 /* BKCameraRecordVideoPreviewViewController.m */ = {isa = PBXFileReference; lastKnownFileType = sourcecode.c.objc; path = BKCameraRecordVideoPreviewViewController.m; sourceTree = "<group>"; };
		1D8EEA6C212A690D004CF59E /* BKCameraGradientShadow.h */ = {isa = PBXFileReference; lastKnownFileType = sourcecode.c.h; path = BKCameraGradientShadow.h; sourceTree = "<group>"; };
		1D8EEA6D212A690D004CF59E /* BKCameraGradientShadow.m */ = {isa = PBXFileReference; lastKnownFileType = sourcecode.c.objc; path = BKCameraGradientShadow.m; sourceTree = "<group>"; };
		1DA0E13021002B3D005D6FB3 /* BKImagePickerMacro.h */ = {isa = PBXFileReference; lastKnownFileType = sourcecode.c.h; path = BKImagePickerMacro.h; sourceTree = "<group>"; };
		1DA0E13121002C07005D6FB3 /* BKImagePickerConstant.h */ = {isa = PBXFileReference; lastKnownFileType = sourcecode.c.h; path = BKImagePickerConstant.h; sourceTree = "<group>"; };
		1DA0E13221002C1E005D6FB3 /* BKImagePickerConstant.m */ = {isa = PBXFileReference; lastKnownFileType = sourcecode.c.objc; path = BKImagePickerConstant.m; sourceTree = "<group>"; };
		1DA0E13421002C48005D6FB3 /* BKImagePicker.h */ = {isa = PBXFileReference; lastKnownFileType = sourcecode.c.h; path = BKImagePicker.h; sourceTree = "<group>"; };
		1DA0E13521002C48005D6FB3 /* BKImagePicker.m */ = {isa = PBXFileReference; lastKnownFileType = sourcecode.c.objc; path = BKImagePicker.m; sourceTree = "<group>"; };
		1DA0E13821003506005D6FB3 /* BKImageManageModel.h */ = {isa = PBXFileReference; lastKnownFileType = sourcecode.c.h; path = BKImageManageModel.h; sourceTree = "<group>"; };
		1DA0E13921003506005D6FB3 /* BKImageManageModel.m */ = {isa = PBXFileReference; lastKnownFileType = sourcecode.c.objc; path = BKImageManageModel.m; sourceTree = "<group>"; };
		1DA0E13E21006EC6005D6FB3 /* NSString+BKImagePicker.h */ = {isa = PBXFileReference; lastKnownFileType = sourcecode.c.h; path = "NSString+BKImagePicker.h"; sourceTree = "<group>"; };
		1DA0E13F21006EC6005D6FB3 /* NSString+BKImagePicker.m */ = {isa = PBXFileReference; lastKnownFileType = sourcecode.c.objc; path = "NSString+BKImagePicker.m"; sourceTree = "<group>"; };
		1DA9FC0F2105741A00A11500 /* IJKMediaFramework.framework */ = {isa = PBXFileReference; lastKnownFileType = wrapper.framework; path = IJKMediaFramework.framework; sourceTree = "<group>"; };
		1DA9FC11210574AA00A11500 /* libc++.tbd */ = {isa = PBXFileReference; lastKnownFileType = "sourcecode.text-based-dylib-definition"; name = "libc++.tbd"; path = "usr/lib/libc++.tbd"; sourceTree = SDKROOT; };
		1DB1786A20EDAD9000BA7652 /* BKProjectFramework.app */ = {isa = PBXFileReference; explicitFileType = wrapper.application; includeInIndex = 0; path = BKProjectFramework.app; sourceTree = BUILT_PRODUCTS_DIR; };
		1DB1786D20EDAD9000BA7652 /* AppDelegate.h */ = {isa = PBXFileReference; lastKnownFileType = sourcecode.c.h; path = AppDelegate.h; sourceTree = "<group>"; };
		1DB1786E20EDAD9000BA7652 /* AppDelegate.m */ = {isa = PBXFileReference; lastKnownFileType = sourcecode.c.objc; path = AppDelegate.m; sourceTree = "<group>"; };
		1DB1787620EDAD9100BA7652 /* Assets.xcassets */ = {isa = PBXFileReference; lastKnownFileType = folder.assetcatalog; path = Assets.xcassets; sourceTree = "<group>"; };
		1DB1787B20EDAD9100BA7652 /* Info.plist */ = {isa = PBXFileReference; lastKnownFileType = text.plist.xml; path = Info.plist; sourceTree = "<group>"; };
		1DB1787C20EDAD9100BA7652 /* main.m */ = {isa = PBXFileReference; lastKnownFileType = sourcecode.c.objc; path = main.m; sourceTree = "<group>"; };
		1DB1788920EDB52F00BA7652 /* BKShareManager.h */ = {isa = PBXFileReference; lastKnownFileType = sourcecode.c.h; path = BKShareManager.h; sourceTree = "<group>"; };
		1DB1788A20EDB52F00BA7652 /* BKShareManager.m */ = {isa = PBXFileReference; lastKnownFileType = sourcecode.c.objc; path = BKShareManager.m; sourceTree = "<group>"; };
		1DB1788E20EDB81A00BA7652 /* NSObject+BKExtension.h */ = {isa = PBXFileReference; lastKnownFileType = sourcecode.c.h; path = "NSObject+BKExtension.h"; sourceTree = "<group>"; };
		1DB1788F20EDB81A00BA7652 /* NSObject+BKExtension.m */ = {isa = PBXFileReference; lastKnownFileType = sourcecode.c.objc; path = "NSObject+BKExtension.m"; sourceTree = "<group>"; };
		1DB1789120EDCA7100BA7652 /* NSDate+BKExtension.h */ = {isa = PBXFileReference; lastKnownFileType = sourcecode.c.h; path = "NSDate+BKExtension.h"; sourceTree = "<group>"; };
		1DB1789220EDCA7100BA7652 /* NSDate+BKExtension.m */ = {isa = PBXFileReference; lastKnownFileType = sourcecode.c.objc; path = "NSDate+BKExtension.m"; sourceTree = "<group>"; };
		1DB1789520EDEB8400BA7652 /* BKTimer.h */ = {isa = PBXFileReference; lastKnownFileType = sourcecode.c.h; path = BKTimer.h; sourceTree = "<group>"; };
		1DB1789620EDEB8400BA7652 /* BKTimer.m */ = {isa = PBXFileReference; lastKnownFileType = sourcecode.c.objc; path = BKTimer.m; sourceTree = "<group>"; };
		1DB1789820EDFC8000BA7652 /* BKTimerModel.h */ = {isa = PBXFileReference; lastKnownFileType = sourcecode.c.h; path = BKTimerModel.h; sourceTree = "<group>"; };
		1DB1789920EDFC8000BA7652 /* BKTimerModel.m */ = {isa = PBXFileReference; lastKnownFileType = sourcecode.c.objc; path = BKTimerModel.m; sourceTree = "<group>"; };
		1DB1789C20EE229200BA7652 /* PrefixHeader.pch */ = {isa = PBXFileReference; lastKnownFileType = sourcecode.c.h; path = PrefixHeader.pch; sourceTree = "<group>"; };
		381FD458A68E5E9566264142 /* Pods-BKProjectFramework.debug.xcconfig */ = {isa = PBXFileReference; includeInIndex = 1; lastKnownFileType = text.xcconfig; name = "Pods-BKProjectFramework.debug.xcconfig"; path = "Pods/Target Support Files/Pods-BKProjectFramework/Pods-BKProjectFramework.debug.xcconfig"; sourceTree = "<group>"; };
		E353447F6B4F8FD104F46519 /* libPods-BKProjectFramework.a */ = {isa = PBXFileReference; explicitFileType = archive.ar; includeInIndex = 0; path = "libPods-BKProjectFramework.a"; sourceTree = BUILT_PRODUCTS_DIR; };
		FE9B924C62630D8B17445ED8 /* Pods-BKProjectFramework.release.xcconfig */ = {isa = PBXFileReference; includeInIndex = 1; lastKnownFileType = text.xcconfig; name = "Pods-BKProjectFramework.release.xcconfig"; path = "Pods/Target Support Files/Pods-BKProjectFramework/Pods-BKProjectFramework.release.xcconfig"; sourceTree = "<group>"; };
/* End PBXFileReference section */

/* Begin PBXFrameworksBuildPhase section */
		1DB1786720EDAD9000BA7652 /* Frameworks */ = {
			isa = PBXFrameworksBuildPhase;
			buildActionMask = 2147483647;
			files = (
				1DA9FC132105759000A11500 /* libc++.tbd in Frameworks */,
				1D45CAE920FC7E09003C7BA4 /* VideoToolbox.framework in Frameworks */,
				1D45CAE720FC7DFC003C7BA4 /* UIKit.framework in Frameworks */,
				1D45CAE520FC7DF3003C7BA4 /* QuartzCore.framework in Frameworks */,
				1DA9FC102105741A00A11500 /* IJKMediaFramework.framework in Frameworks */,
				1D45CAE320FC7DEC003C7BA4 /* OpenGLES.framework in Frameworks */,
				1D45CAE120FC7DE4003C7BA4 /* MobileCoreServices.framework in Frameworks */,
				1D45CADF20FC7DD9003C7BA4 /* MediaPlayer.framework in Frameworks */,
				1D45CADD20FC7DD2003C7BA4 /* libz.tbd in Frameworks */,
				1D45CADB20FC7DCB003C7BA4 /* libbz2.tbd in Frameworks */,
				1D45CAD920FC7DBC003C7BA4 /* CoreVideo.framework in Frameworks */,
				1D45CAD720FC7DAD003C7BA4 /* CoreMedia.framework in Frameworks */,
				1D45CAD520FC7D89003C7BA4 /* CoreGraphics.framework in Frameworks */,
				1D45CAD320FC7D7E003C7BA4 /* AVFoundation.framework in Frameworks */,
				1D45CAD120FC7D79003C7BA4 /* AudioToolbox.framework in Frameworks */,
				CE8A81A8C5447FF50546F4CB /* libPods-BKProjectFramework.a in Frameworks */,
			);
			runOnlyForDeploymentPostprocessing = 0;
		};
/* End PBXFrameworksBuildPhase section */

/* Begin PBXGroup section */
		1D02949520F5DA2900D75606 /* BKRoundedRectView */ = {
			isa = PBXGroup;
			children = (
				1D02949620F5DA8100D75606 /* BKRoundedRectView.h */,
				1D02949720F5DA8100D75606 /* BKRoundedRectView.m */,
			);
			path = BKRoundedRectView;
			sourceTree = "<group>";
		};
		1D0294A120F5E3F100D75606 /* GTMBase64 */ = {
			isa = PBXGroup;
			children = (
				1D0294A220F5E3F100D75606 /* GTMBase64.h */,
				1D0294A420F5E3F100D75606 /* GTMBase64.m */,
				1D0294A320F5E3F100D75606 /* GTMDefines.h */,
			);
			path = GTMBase64;
			sourceTree = "<group>";
		};
		1D0294AC20F5FCC900D75606 /* Common */ = {
			isa = PBXGroup;
			children = (
				1D0294AD20F5FCEA00D75606 /* BKScrollView.h */,
				1D0294AE20F5FCEA00D75606 /* BKScrollView.m */,
				1D0294B020F5FD9500D75606 /* BKTableView.h */,
				1D0294B120F5FD9500D75606 /* BKTableView.m */,
				1D0294B320F5FDC700D75606 /* BKCollectionView.h */,
				1D0294B420F5FDC700D75606 /* BKCollectionView.m */,
				1D0294B620F5FFB200D75606 /* BKImageView.h */,
				1D0294B720F5FFB200D75606 /* BKImageView.m */,
			);
			path = Common;
			sourceTree = "<group>";
		};
		1D0294B920F6000300D75606 /* TabBar */ = {
			isa = PBXGroup;
			children = (
				1D0294BA20F6003300D75606 /* BKTabBarController.h */,
				1D0294BB20F6003300D75606 /* BKTabBarController.m */,
				1D0294BD20F6004B00D75606 /* BKTabBar.h */,
				1D0294BE20F6004B00D75606 /* BKTabBar.m */,
				1D0294C020F6058700D75606 /* BKTabBarBtn.h */,
				1D0294C120F6058700D75606 /* BKTabBarBtn.m */,
			);
			path = TabBar;
			sourceTree = "<group>";
		};
		1D3AA76220F6F53A0010FBB5 /* BaseViewController */ = {
			isa = PBXGroup;
			children = (
				1D3AA76320F6F5650010FBB5 /* BKBaseViewController.h */,
				1D3AA76420F6F5650010FBB5 /* BKBaseViewController.m */,
				1D3AA77F20F7412F0010FBB5 /* BKNavButton.h */,
				1D3AA78020F7412F0010FBB5 /* BKNavButton.m */,
			);
			path = BaseViewController;
			sourceTree = "<group>";
		};
		1D3AA77220F740FA0010FBB5 /* NavViewController */ = {
			isa = PBXGroup;
			children = (
				1D3AA77920F740FA0010FBB5 /* BKNavViewController.h */,
				1D3AA77620F740FA0010FBB5 /* BKNavViewController.m */,
				1D3AA77720F740FA0010FBB5 /* UINavigationController+BKNavExtension.h */,
				1D3AA77420F740FA0010FBB5 /* UINavigationController+BKNavExtension.m */,
				1D3AA77520F740FA0010FBB5 /* BKPercentDrivenInteractiveTransition.h */,
				1D3AA77A20F740FA0010FBB5 /* BKPercentDrivenInteractiveTransition.m */,
				1D3AA77320F740FA0010FBB5 /* BKTransitionAnimater.h */,
				1D3AA77820F740FA0010FBB5 /* BKTransitionAnimater.m */,
			);
			path = NavViewController;
			sourceTree = "<group>";
		};
		1D45CA4020FC6892003C7BA4 /* BKImagePicker */ = {
			isa = PBXGroup;
			children = (
				1D45CA4220FC6892003C7BA4 /* Utils */,
				1D45CA4520FC6892003C7BA4 /* Extension */,
				1D45CB0120FC82FC003C7BA4 /* Base */,
				1DA0E13721002D18005D6FB3 /* Resource */,
				1DA0E12F21002AF9005D6FB3 /* ImageModel */,
				1D45CA7B20FC6892003C7BA4 /* ImageAlbum */,
				1DA0E12B210027E2005D6FB3 /* Camera */,
				1D6ED18A2126C5B400C9E729 /* Filter */,
				1D45CA6320FC6892003C7BA4 /* EditImage */,
				1DA0E13421002C48005D6FB3 /* BKImagePicker.h */,
				1DA0E13521002C48005D6FB3 /* BKImagePicker.m */,
			);
			path = BKImagePicker;
			sourceTree = "<group>";
		};
		1D45CA4220FC6892003C7BA4 /* Utils */ = {
			isa = PBXGroup;
			children = (
				1DA0E13021002B3D005D6FB3 /* BKImagePickerMacro.h */,
				1DA0E13121002C07005D6FB3 /* BKImagePickerConstant.h */,
				1DA0E13221002C1E005D6FB3 /* BKImagePickerConstant.m */,
			);
			path = Utils;
			sourceTree = "<group>";
		};
		1D45CA4520FC6892003C7BA4 /* Extension */ = {
			isa = PBXGroup;
			children = (
				1D45CA4A20FC6892003C7BA4 /* NSObject+BKImagePicker.h */,
				1D45CA4620FC6892003C7BA4 /* NSObject+BKImagePicker.m */,
				1D45CA4B20FC6892003C7BA4 /* UIBezierPath+BKImagePicker.m */,
				1D45CA4720FC6892003C7BA4 /* UIBezierPath+BKImagePicker.h */,
				1D45CA4C20FC6892003C7BA4 /* UIImage+BKImagePicker.h */,
				1D45CA4920FC6892003C7BA4 /* UIImage+BKImagePicker.m */,
				1D45CA4D20FC6892003C7BA4 /* UIView+BKImagePicker.h */,
				1D45CA4820FC6892003C7BA4 /* UIView+BKImagePicker.m */,
				1DA0E13E21006EC6005D6FB3 /* NSString+BKImagePicker.h */,
				1DA0E13F21006EC6005D6FB3 /* NSString+BKImagePicker.m */,
			);
			path = Extension;
			sourceTree = "<group>";
		};
		1D45CA6320FC6892003C7BA4 /* EditImage */ = {
			isa = PBXGroup;
			children = (
				1D45CA6420FC6892003C7BA4 /* Controller */,
				1D45CA6720FC6892003C7BA4 /* Model */,
				1D45CA6A20FC6892003C7BA4 /* View */,
			);
			path = EditImage;
			sourceTree = "<group>";
		};
		1D45CA6420FC6892003C7BA4 /* Controller */ = {
			isa = PBXGroup;
			children = (
				1D45CA6520FC6892003C7BA4 /* BKEditImageViewController.h */,
				1D45CA6620FC6892003C7BA4 /* BKEditImageViewController.m */,
			);
			path = Controller;
			sourceTree = "<group>";
		};
		1D45CA6720FC6892003C7BA4 /* Model */ = {
			isa = PBXGroup;
			children = (
				1D45CA6920FC6892003C7BA4 /* BKEditImageDrawModel.h */,
				1D45CA6820FC6892003C7BA4 /* BKEditImageDrawModel.m */,
			);
			path = Model;
			sourceTree = "<group>";
		};
		1D45CA6A20FC6892003C7BA4 /* View */ = {
			isa = PBXGroup;
			children = (
				1D45CA7520FC6892003C7BA4 /* BKEditImagePreviewCollectionViewFlowLayout.h */,
				1D45CA6D20FC6892003C7BA4 /* BKEditImagePreviewCollectionViewFlowLayout.m */,
				1D45CA7020FC6892003C7BA4 /* BKEditImagePreviewCollectionViewCell.h */,
				1D45CA7A20FC6892003C7BA4 /* BKEditImagePreviewCollectionViewCell.m */,
				1D45CA6C20FC6892003C7BA4 /* BKEditImageBgView.h */,
				1D45CA7620FC6892003C7BA4 /* BKEditImageBgView.m */,
				1D45CA6E20FC6892003C7BA4 /* BKEditImageBottomView.h */,
				1D45CA7420FC6892003C7BA4 /* BKEditImageBottomView.m */,
				1D45CA7820FC6892003C7BA4 /* BKEditImageDrawView.h */,
				1D45CA7220FC6892003C7BA4 /* BKEditImageDrawView.m */,
				1D45CA6B20FC6892003C7BA4 /* BKEditImageWriteView.h */,
				1D45CA7320FC6892003C7BA4 /* BKEditImageWriteView.m */,
				1D45CA7920FC6892003C7BA4 /* BKEditImageClipView.h */,
				1D45CA7120FC6892003C7BA4 /* BKEditImageClipView.m */,
				1D45CA7720FC6892003C7BA4 /* BKEditImageClipFrameView.h */,
				1D45CA6F20FC6892003C7BA4 /* BKEditImageClipFrameView.m */,
			);
			path = View;
			sourceTree = "<group>";
		};
		1D45CA7B20FC6892003C7BA4 /* ImageAlbum */ = {
			isa = PBXGroup;
			children = (
				1D45CA9B20FC6892003C7BA4 /* ImageAlbumList */,
				1D45CA7C20FC6892003C7BA4 /* ImagePicker */,
				1D75216B21227D6200862397 /* Preview */,
			);
			path = ImageAlbum;
			sourceTree = "<group>";
		};
		1D45CA7C20FC6892003C7BA4 /* ImagePicker */ = {
			isa = PBXGroup;
			children = (
				1D45CA7D20FC6892003C7BA4 /* Controller */,
				1D45CA8020FC6892003C7BA4 /* View */,
			);
			path = ImagePicker;
			sourceTree = "<group>";
		};
		1D45CA7D20FC6892003C7BA4 /* Controller */ = {
			isa = PBXGroup;
			children = (
				1D45CA7E20FC6892003C7BA4 /* BKImagePickerViewController.h */,
				1D45CA7F20FC6892003C7BA4 /* BKImagePickerViewController.m */,
			);
			path = Controller;
			sourceTree = "<group>";
		};
		1D45CA8020FC6892003C7BA4 /* View */ = {
			isa = PBXGroup;
			children = (
				1D45CA8720FC6892003C7BA4 /* BKImagePickerFooterCollectionReusableView.h */,
				1D45CA8320FC6892003C7BA4 /* BKImagePickerFooterCollectionReusableView.m */,
				1D45CA8920FC6892003C7BA4 /* BKImagePickerCollectionViewCell.h */,
				1D45CA8520FC6892003C7BA4 /* BKImagePickerCollectionViewCell.m */,
				1D45CA8820FC6892003C7BA4 /* BKImageAlbumItemView.h */,
				1D45CA8120FC6892003C7BA4 /* BKImageAlbumItemView.m */,
				1D45CA8A20FC6892003C7BA4 /* BKImageAlbumItemSelectButton.h */,
				1D45CA8420FC6892003C7BA4 /* BKImageAlbumItemSelectButton.m */,
				1D45CA8620FC6892003C7BA4 /* BKImageOriginalButton.h */,
				1D45CA8220FC6892003C7BA4 /* BKImageOriginalButton.m */,
			);
			path = View;
			sourceTree = "<group>";
		};
		1D45CA9B20FC6892003C7BA4 /* ImageAlbumList */ = {
			isa = PBXGroup;
			children = (
				1D45CA9C20FC6892003C7BA4 /* Controller */,
				1D45CA9F20FC6892003C7BA4 /* Model */,
				1D45CAA220FC6892003C7BA4 /* View */,
			);
			path = ImageAlbumList;
			sourceTree = "<group>";
		};
		1D45CA9C20FC6892003C7BA4 /* Controller */ = {
			isa = PBXGroup;
			children = (
				1D45CA9D20FC6892003C7BA4 /* BKImageAlbumListViewController.h */,
				1D45CA9E20FC6892003C7BA4 /* BKImageAlbumListViewController.m */,
			);
			path = Controller;
			sourceTree = "<group>";
		};
		1D45CA9F20FC6892003C7BA4 /* Model */ = {
			isa = PBXGroup;
			children = (
				1D45CAA120FC6892003C7BA4 /* BKImageAlbumListModel.h */,
				1D45CAA020FC6892003C7BA4 /* BKImageAlbumListModel.m */,
			);
			path = Model;
			sourceTree = "<group>";
		};
		1D45CAA220FC6892003C7BA4 /* View */ = {
			isa = PBXGroup;
			children = (
				1D45CAA420FC6892003C7BA4 /* BKImageAlbumListTableViewCell.h */,
				1D45CAA320FC6892003C7BA4 /* BKImageAlbumListTableViewCell.m */,
			);
			path = View;
			sourceTree = "<group>";
		};
		1D45CB0120FC82FC003C7BA4 /* Base */ = {
			isa = PBXGroup;
			children = (
				1D45CB0220FC8328003C7BA4 /* BKImageBaseViewController.h */,
				1D45CB0320FC8328003C7BA4 /* BKImageBaseViewController.m */,
			);
			path = Base;
			sourceTree = "<group>";
		};
		1D50C9D220FF2BDC00626230 /* UI */ = {
			isa = PBXGroup;
			children = (
				1D50C9D320FF2BFC00626230 /* BKDemoViewController.h */,
				1D50C9D420FF2BFC00626230 /* BKDemoViewController.m */,
			);
			path = UI;
			sourceTree = "<group>";
		};
		1D6B8FE020EF09EE00BBEAD1 /* BKCycleScrollView */ = {
			isa = PBXGroup;
			children = (
				1D6B8FE920EF09EE00BBEAD1 /* BKCycleScrollView.h */,
				1D6B8FE220EF09EE00BBEAD1 /* BKCycleScrollView.m */,
				1D6B8FEA20EF09EE00BBEAD1 /* BKCycleCollectionViewFlowLayout.h */,
				1D6B8FE520EF09EE00BBEAD1 /* BKCycleCollectionViewFlowLayout.m */,
				1D6B8FE820EF09EE00BBEAD1 /* BKCycleScrollCollectionViewCell.h */,
				1D6B8FE320EF09EE00BBEAD1 /* BKCycleScrollCollectionViewCell.m */,
				1D6B8FE120EF09EE00BBEAD1 /* BKCycleScrollImageView.h */,
				1D6B8FE620EF09EE00BBEAD1 /* BKCycleScrollImageView.m */,
				1D6B8FE420EF09EE00BBEAD1 /* BKCycleScrollPageControl.h */,
				1D6B8FE720EF09EE00BBEAD1 /* BKCycleScrollPageControl.m */,
			);
			path = BKCycleScrollView;
			sourceTree = "<group>";
		};
		1D6B8FF820EF0D5F00BBEAD1 /* Common */ = {
			isa = PBXGroup;
			children = (
				1DB1789C20EE229200BA7652 /* PrefixHeader.pch */,
				1DB1788920EDB52F00BA7652 /* BKShareManager.h */,
				1DB1788A20EDB52F00BA7652 /* BKShareManager.m */,
				1D6B8FF220EF0BE700BBEAD1 /* BKConstant.h */,
				1D6B8FF620EF0C1200BBEAD1 /* BKConstant.m */,
				1D6B8FF320EF0BF500BBEAD1 /* BKMacro.h */,
			);
			path = Common;
			sourceTree = "<group>";
		};
		1D6B8FFC20EF150800BBEAD1 /* BKNetwork */ = {
			isa = PBXGroup;
			children = (
				1D6B900020EF152100BBEAD1 /* BKNetworkRequest.h */,
				1D6B8FFD20EF152100BBEAD1 /* BKNetworkRequest.m */,
				1D6B8FFE20EF152100BBEAD1 /* BKNetworkUploadModel.h */,
				1D6B8FFF20EF152100BBEAD1 /* BKNetworkUploadModel.m */,
				1D6B900320EF3BCF00BBEAD1 /* BKNetworkRequestFailureView.h */,
				1D6B900420EF3BCF00BBEAD1 /* BKNetworkRequestFailureView.m */,
				1D7E145920F360EB00E6546D /* NSObject+BKNetworkExtension.h */,
				1D7E145A20F360EB00E6546D /* NSObject+BKNetworkExtension.m */,
			);
			path = BKNetwork;
			sourceTree = "<group>";
		};
		1D6D0674211BD32800C23483 /* GPUImage */ = {
			isa = PBXGroup;
			children = (
				1D6D0675211BD32800C23483 /* GPUImageBeautifyFilter */,
			);
			path = GPUImage;
			sourceTree = "<group>";
		};
		1D6D0675211BD32800C23483 /* GPUImageBeautifyFilter */ = {
			isa = PBXGroup;
			children = (
				1D6D0677211BD32800C23483 /* GPUImageBeautifyFilter.h */,
				1D6D0676211BD32800C23483 /* GPUImageBeautifyFilter.m */,
			);
			path = GPUImageBeautifyFilter;
			sourceTree = "<group>";
		};
		1D6ED18A2126C5B400C9E729 /* Filter */ = {
			isa = PBXGroup;
			children = (
				1D6ED18C2126C5CE00C9E729 /* BKGPUImageBeautyFilter.h */,
				1D6ED18B2126C5CE00C9E729 /* BKGPUImageBeautyFilter.m */,
				1D6ED18E2126C90100C9E729 /* BKBeautifulSkinFilter.h */,
				1D6ED18F2126C90100C9E729 /* BKBeautifulSkinFilter.m */,
			);
			path = Filter;
			sourceTree = "<group>";
		};
		1D75216B21227D6200862397 /* Preview */ = {
			isa = PBXGroup;
			children = (
				1D75216C21227D6200862397 /* Controller */,
				1D75217121227D6200862397 /* Model */,
				1D75217821227D6200862397 /* View */,
			);
			path = Preview;
			sourceTree = "<group>";
		};
		1D75216C21227D6200862397 /* Controller */ = {
			isa = PBXGroup;
			children = (
				1D75216F21227D6200862397 /* BKImagePreviewViewController.h */,
				1D75216D21227D6200862397 /* BKImagePreviewViewController.m */,
				1D75216E21227D6200862397 /* BKVideoPreviewViewController.h */,
				1D75217021227D6200862397 /* BKVideoPreviewViewController.m */,
			);
			path = Controller;
			sourceTree = "<group>";
		};
		1D75217121227D6200862397 /* Model */ = {
			isa = PBXGroup;
			children = (
				1D75217421227D6200862397 /* BKImagePreviewCollectionViewFlowLayout.h */,
				1D75217721227D6200862397 /* BKImagePreviewCollectionViewFlowLayout.m */,
				1D75217321227D6200862397 /* BKImagePreviewInteractiveTransition.h */,
				1D75217621227D6200862397 /* BKImagePreviewInteractiveTransition.m */,
				1D75217221227D6200862397 /* BKImagePreviewTransitionAnimater.h */,
				1D75217521227D6200862397 /* BKImagePreviewTransitionAnimater.m */,
			);
			path = Model;
			sourceTree = "<group>";
		};
		1D75217821227D6200862397 /* View */ = {
			isa = PBXGroup;
			children = (
				1D75217921227D6200862397 /* BKImagePreviewCollectionViewCell.h */,
				1D75217A21227D6200862397 /* BKImagePreviewCollectionViewCell.m */,
			);
			path = View;
			sourceTree = "<group>";
		};
		1D8AB89D21216EC600032629 /* Camera */ = {
			isa = PBXGroup;
			children = (
				1D8AB8A221216EC600032629 /* BKCameraViewController.h */,
				1D8AB89F21216EC600032629 /* BKCameraViewController.m */,
				1D8AB8A021216EC600032629 /* BKCameraManager.h */,
				1D8AB8A321216EC600032629 /* BKCameraManager.m */,
				1D8AB89E21216EC600032629 /* BKCameraFilterView.h */,
				1D8AB8A121216EC600032629 /* BKCameraFilterView.m */,
				1D8EEA6C212A690D004CF59E /* BKCameraGradientShadow.h */,
				1D8EEA6D212A690D004CF59E /* BKCameraGradientShadow.m */,
			);
			path = Camera;
			sourceTree = "<group>";
		};
		1D8AB8A421216EC600032629 /* Progress */ = {
			isa = PBXGroup;
			children = (
				1D8AB8A621216EC600032629 /* BKCameraRecordProgress.h */,
				1D8AB8A821216EC600032629 /* BKCameraRecordProgress.m */,
				1D8AB8A521216EC600032629 /* BKCameraRecordProgressModel.h */,
				1D8AB8A721216EC600032629 /* BKCameraRecordProgressModel.m */,
			);
			path = Progress;
			sourceTree = "<group>";
		};
		1D8AB8A921216EC600032629 /* Shutter */ = {
			isa = PBXGroup;
			children = (
				1D8AB8AB21216EC600032629 /* BKCameraShutterBtn.h */,
				1D8AB8AA21216EC600032629 /* BKCameraShutterBtn.m */,
			);
			path = Shutter;
			sourceTree = "<group>";
		};
		1D8AB8AC21216EC600032629 /* FocusRectangle */ = {
			isa = PBXGroup;
			children = (
				1D8AB8AD21216EC600032629 /* BKCameraFocusRectangle.h */,
				1D8AB8AE21216EC600032629 /* BKCameraFocusRectangle.m */,
			);
			path = FocusRectangle;
			sourceTree = "<group>";
		};
		1D8AB8BA2121743700032629 /* Preview */ = {
			isa = PBXGroup;
			children = (
				1D8AB8BB2121744F00032629 /* BKCameraRecordVideoPreviewViewController.h */,
				1D8AB8BC2121744F00032629 /* BKCameraRecordVideoPreviewViewController.m */,
			);
			path = Preview;
			sourceTree = "<group>";
		};
		1DA0E12B210027E2005D6FB3 /* Camera */ = {
			isa = PBXGroup;
			children = (
				1D8AB89D21216EC600032629 /* Camera */,
				1D8AB8AC21216EC600032629 /* FocusRectangle */,
				1D8AB8A921216EC600032629 /* Shutter */,
				1D8AB8A421216EC600032629 /* Progress */,
				1D8AB8BA2121743700032629 /* Preview */,
			);
			path = Camera;
			sourceTree = "<group>";
		};
		1DA0E12F21002AF9005D6FB3 /* ImageModel */ = {
			isa = PBXGroup;
			children = (
				1DA0E13821003506005D6FB3 /* BKImageManageModel.h */,
				1DA0E13921003506005D6FB3 /* BKImageManageModel.m */,
				1D45CA4E20FC6892003C7BA4 /* BKImageModel.h */,
				1D45CA4F20FC6892003C7BA4 /* BKImageModel.m */,
			);
			path = ImageModel;
			sourceTree = "<group>";
		};
		1DA0E13721002D18005D6FB3 /* Resource */ = {
			isa = PBXGroup;
			children = (
				1D45CA5120FC6892003C7BA4 /* BKImage.bundle */,
			);
			path = Resource;
			sourceTree = "<group>";
		};
		1DA9FC0E2105741A00A11500 /* IJKMediaFramework */ = {
			isa = PBXGroup;
			children = (
				1DA9FC0F2105741A00A11500 /* IJKMediaFramework.framework */,
			);
			path = IJKMediaFramework;
			sourceTree = "<group>";
		};
		1DB1786120EDAD9000BA7652 = {
			isa = PBXGroup;
			children = (
				1DB1786C20EDAD9000BA7652 /* BKProjectFramework */,
				1DB1786B20EDAD9000BA7652 /* Products */,
				7BDF06C12D23B0BA74C86081 /* Pods */,
				D60AA249455D60B29332888F /* Frameworks */,
			);
			sourceTree = "<group>";
		};
		1DB1786B20EDAD9000BA7652 /* Products */ = {
			isa = PBXGroup;
			children = (
				1DB1786A20EDAD9000BA7652 /* BKProjectFramework.app */,
			);
			name = Products;
			sourceTree = "<group>";
		};
		1DB1786C20EDAD9000BA7652 /* BKProjectFramework */ = {
			isa = PBXGroup;
			children = (
				1D6B8FF820EF0D5F00BBEAD1 /* Common */,
				1DB1788420EDB47000BA7652 /* Utils */,
				1DB1788C20EDB53C00BA7652 /* Base */,
				1D50C9D220FF2BDC00626230 /* UI */,
				1DB1786D20EDAD9000BA7652 /* AppDelegate.h */,
				1DB1786E20EDAD9000BA7652 /* AppDelegate.m */,
				1DB1788320EDB44A00BA7652 /* Supporting Files */,
			);
			path = BKProjectFramework;
			sourceTree = "<group>";
		};
		1DB1788320EDB44A00BA7652 /* Supporting Files */ = {
			isa = PBXGroup;
			children = (
				1DB1787620EDAD9100BA7652 /* Assets.xcassets */,
				1DB1787B20EDAD9100BA7652 /* Info.plist */,
				1DB1787C20EDAD9100BA7652 /* main.m */,
			);
			path = "Supporting Files";
			sourceTree = "<group>";
		};
		1DB1788420EDB47000BA7652 /* Utils */ = {
			isa = PBXGroup;
			children = (
				1DB1788720EDB4BC00BA7652 /* Extension */,
				1DB1788620EDB4B200BA7652 /* Third */,
				1DB1788520EDB4AA00BA7652 /* Tools */,
			);
			path = Utils;
			sourceTree = "<group>";
		};
		1DB1788520EDB4AA00BA7652 /* Tools */ = {
			isa = PBXGroup;
			children = (
				1D45CA4020FC6892003C7BA4 /* BKImagePicker */,
				1D02949520F5DA2900D75606 /* BKRoundedRectView */,
				1D6B8FFC20EF150800BBEAD1 /* BKNetwork */,
				1D6B8FE020EF09EE00BBEAD1 /* BKCycleScrollView */,
				1DB1789420EDEB7100BA7652 /* BKTimer */,
			);
			path = Tools;
			sourceTree = "<group>";
		};
		1DB1788620EDB4B200BA7652 /* Third */ = {
			isa = PBXGroup;
			children = (
				1D6D0674211BD32800C23483 /* GPUImage */,
				1DA9FC0E2105741A00A11500 /* IJKMediaFramework */,
				1D0294A120F5E3F100D75606 /* GTMBase64 */,
			);
			path = Third;
			sourceTree = "<group>";
		};
		1DB1788720EDB4BC00BA7652 /* Extension */ = {
			isa = PBXGroup;
			children = (
				1DB1788E20EDB81A00BA7652 /* NSObject+BKExtension.h */,
				1DB1788F20EDB81A00BA7652 /* NSObject+BKExtension.m */,
				1DB1789120EDCA7100BA7652 /* NSDate+BKExtension.h */,
				1DB1789220EDCA7100BA7652 /* NSDate+BKExtension.m */,
				1D6B8FF920EF10E900BBEAD1 /* NSUserDefaults+BKExtension.h */,
				1D6B8FFA20EF10E900BBEAD1 /* NSUserDefaults+BKExtension.m */,
				1D02949220F5D85700D75606 /* UIView+BKExtension.h */,
				1D02949320F5D85700D75606 /* UIView+BKExtension.m */,
				1D02949920F5DE9200D75606 /* NSString+BKExtension.h */,
				1D02949A20F5DE9200D75606 /* NSString+BKExtension.m */,
				1D0294A620F5E74900D75606 /* UIImageView+BKExtension.h */,
				1D0294A720F5E74900D75606 /* UIImageView+BKExtension.m */,
				1D0294A920F5ED2B00D75606 /* UIImage+BKExtension.h */,
				1D0294AA20F5ED2B00D75606 /* UIImage+BKExtension.m */,
				1D6ED1872126784E00C9E729 /* UITableView+BKExtension.h */,
				1D6ED1882126784E00C9E729 /* UITableView+BKExtension.m */,
			);
			path = Extension;
			sourceTree = "<group>";
		};
		1DB1788C20EDB53C00BA7652 /* Base */ = {
			isa = PBXGroup;
			children = (
				1D3AA77220F740FA0010FBB5 /* NavViewController */,
				1D3AA76220F6F53A0010FBB5 /* BaseViewController */,
				1D0294B920F6000300D75606 /* TabBar */,
				1D0294AC20F5FCC900D75606 /* Common */,
			);
			path = Base;
			sourceTree = "<group>";
		};
		1DB1789420EDEB7100BA7652 /* BKTimer */ = {
			isa = PBXGroup;
			children = (
				1DB1789520EDEB8400BA7652 /* BKTimer.h */,
				1DB1789620EDEB8400BA7652 /* BKTimer.m */,
				1DB1789820EDFC8000BA7652 /* BKTimerModel.h */,
				1DB1789920EDFC8000BA7652 /* BKTimerModel.m */,
			);
			path = BKTimer;
			sourceTree = "<group>";
		};
		7BDF06C12D23B0BA74C86081 /* Pods */ = {
			isa = PBXGroup;
			children = (
				381FD458A68E5E9566264142 /* Pods-BKProjectFramework.debug.xcconfig */,
				FE9B924C62630D8B17445ED8 /* Pods-BKProjectFramework.release.xcconfig */,
			);
			name = Pods;
			sourceTree = "<group>";
		};
		D60AA249455D60B29332888F /* Frameworks */ = {
			isa = PBXGroup;
			children = (
				1DA9FC11210574AA00A11500 /* libc++.tbd */,
				1D45CAE820FC7E09003C7BA4 /* VideoToolbox.framework */,
				1D45CAE620FC7DFC003C7BA4 /* UIKit.framework */,
				1D45CAE420FC7DF3003C7BA4 /* QuartzCore.framework */,
				1D45CAE220FC7DEC003C7BA4 /* OpenGLES.framework */,
				1D45CAE020FC7DE4003C7BA4 /* MobileCoreServices.framework */,
				1D45CADE20FC7DD9003C7BA4 /* MediaPlayer.framework */,
				1D45CADC20FC7DD2003C7BA4 /* libz.tbd */,
				1D45CADA20FC7DCA003C7BA4 /* libbz2.tbd */,
				1D45CAD820FC7DBC003C7BA4 /* CoreVideo.framework */,
				1D45CAD620FC7DAD003C7BA4 /* CoreMedia.framework */,
				1D45CAD420FC7D89003C7BA4 /* CoreGraphics.framework */,
				1D45CAD220FC7D7E003C7BA4 /* AVFoundation.framework */,
				1D45CAD020FC7D79003C7BA4 /* AudioToolbox.framework */,
				E353447F6B4F8FD104F46519 /* libPods-BKProjectFramework.a */,
			);
			name = Frameworks;
			sourceTree = "<group>";
		};
/* End PBXGroup section */

/* Begin PBXNativeTarget section */
		1DB1786920EDAD9000BA7652 /* BKProjectFramework */ = {
			isa = PBXNativeTarget;
			buildConfigurationList = 1DB1788020EDAD9100BA7652 /* Build configuration list for PBXNativeTarget "BKProjectFramework" */;
			buildPhases = (
				2B1CDC5083F14BD3445DCFCF /* [CP] Check Pods Manifest.lock */,
				1DB1786620EDAD9000BA7652 /* Sources */,
				1DB1786720EDAD9000BA7652 /* Frameworks */,
				1DB1786820EDAD9000BA7652 /* Resources */,
				679752F4AD2056615C959EF1 /* [CP] Copy Pods Resources */,
			);
			buildRules = (
			);
			dependencies = (
			);
			name = BKProjectFramework;
			productName = BKProjectFramework;
			productReference = 1DB1786A20EDAD9000BA7652 /* BKProjectFramework.app */;
			productType = "com.apple.product-type.application";
		};
/* End PBXNativeTarget section */

/* Begin PBXProject section */
		1DB1786220EDAD9000BA7652 /* Project object */ = {
			isa = PBXProject;
			attributes = {
				CLASSPREFIX = BK;
				LastUpgradeCheck = 0940;
				ORGANIZATIONNAME = BIKE;
				TargetAttributes = {
					1DB1786920EDAD9000BA7652 = {
						CreatedOnToolsVersion = 9.4;
					};
				};
			};
			buildConfigurationList = 1DB1786520EDAD9000BA7652 /* Build configuration list for PBXProject "BKProjectFramework" */;
			compatibilityVersion = "Xcode 9.3";
			developmentRegion = en;
			hasScannedForEncodings = 0;
			knownRegions = (
				en,
				Base,
			);
			mainGroup = 1DB1786120EDAD9000BA7652;
			productRefGroup = 1DB1786B20EDAD9000BA7652 /* Products */;
			projectDirPath = "";
			projectRoot = "";
			targets = (
				1DB1786920EDAD9000BA7652 /* BKProjectFramework */,
			);
		};
/* End PBXProject section */

/* Begin PBXResourcesBuildPhase section */
		1DB1786820EDAD9000BA7652 /* Resources */ = {
			isa = PBXResourcesBuildPhase;
			buildActionMask = 2147483647;
			files = (
				1D45CAAB20FC6892003C7BA4 /* BKImage.bundle in Resources */,
				1DB1787720EDAD9100BA7652 /* Assets.xcassets in Resources */,
			);
			runOnlyForDeploymentPostprocessing = 0;
		};
/* End PBXResourcesBuildPhase section */

/* Begin PBXShellScriptBuildPhase section */
		2B1CDC5083F14BD3445DCFCF /* [CP] Check Pods Manifest.lock */ = {
			isa = PBXShellScriptBuildPhase;
			buildActionMask = 2147483647;
			files = (
			);
			inputPaths = (
				"${PODS_PODFILE_DIR_PATH}/Podfile.lock",
				"${PODS_ROOT}/Manifest.lock",
			);
			name = "[CP] Check Pods Manifest.lock";
			outputPaths = (
				"$(DERIVED_FILE_DIR)/Pods-BKProjectFramework-checkManifestLockResult.txt",
			);
			runOnlyForDeploymentPostprocessing = 0;
			shellPath = /bin/sh;
			shellScript = "diff \"${PODS_PODFILE_DIR_PATH}/Podfile.lock\" \"${PODS_ROOT}/Manifest.lock\" > /dev/null\nif [ $? != 0 ] ; then\n    # print error to STDERR\n    echo \"error: The sandbox is not in sync with the Podfile.lock. Run 'pod install' or update your CocoaPods installation.\" >&2\n    exit 1\nfi\n# This output is used by Xcode 'outputs' to avoid re-running this script phase.\necho \"SUCCESS\" > \"${SCRIPT_OUTPUT_FILE_0}\"\n";
			showEnvVarsInLog = 0;
		};
		679752F4AD2056615C959EF1 /* [CP] Copy Pods Resources */ = {
			isa = PBXShellScriptBuildPhase;
			buildActionMask = 2147483647;
			files = (
			);
			inputPaths = (
				"${SRCROOT}/Pods/Target Support Files/Pods-BKProjectFramework/Pods-BKProjectFramework-resources.sh",
				"${PODS_ROOT}/GPUImage/framework/Resources/lookup.png",
				"${PODS_ROOT}/GPUImage/framework/Resources/lookup_amatorka.png",
				"${PODS_ROOT}/GPUImage/framework/Resources/lookup_miss_etikate.png",
				"${PODS_ROOT}/GPUImage/framework/Resources/lookup_soft_elegance_1.png",
				"${PODS_ROOT}/GPUImage/framework/Resources/lookup_soft_elegance_2.png",
				"${PODS_ROOT}/IQKeyboardManager/IQKeyboardManager/Resources/IQKeyboardManager.bundle",
				"${PODS_ROOT}/MJRefresh/MJRefresh/MJRefresh.bundle",
				"${PODS_ROOT}/SAMKeychain/Support/SAMKeychain.bundle",
			);
			name = "[CP] Copy Pods Resources";
			outputPaths = (
				"${TARGET_BUILD_DIR}/${UNLOCALIZED_RESOURCES_FOLDER_PATH}/lookup.png",
				"${TARGET_BUILD_DIR}/${UNLOCALIZED_RESOURCES_FOLDER_PATH}/lookup_amatorka.png",
				"${TARGET_BUILD_DIR}/${UNLOCALIZED_RESOURCES_FOLDER_PATH}/lookup_miss_etikate.png",
				"${TARGET_BUILD_DIR}/${UNLOCALIZED_RESOURCES_FOLDER_PATH}/lookup_soft_elegance_1.png",
				"${TARGET_BUILD_DIR}/${UNLOCALIZED_RESOURCES_FOLDER_PATH}/lookup_soft_elegance_2.png",
				"${TARGET_BUILD_DIR}/${UNLOCALIZED_RESOURCES_FOLDER_PATH}/IQKeyboardManager.bundle",
				"${TARGET_BUILD_DIR}/${UNLOCALIZED_RESOURCES_FOLDER_PATH}/MJRefresh.bundle",
				"${TARGET_BUILD_DIR}/${UNLOCALIZED_RESOURCES_FOLDER_PATH}/SAMKeychain.bundle",
			);
			runOnlyForDeploymentPostprocessing = 0;
			shellPath = /bin/sh;
			shellScript = "\"${SRCROOT}/Pods/Target Support Files/Pods-BKProjectFramework/Pods-BKProjectFramework-resources.sh\"\n";
			showEnvVarsInLog = 0;
		};
/* End PBXShellScriptBuildPhase section */

/* Begin PBXSourcesBuildPhase section */
		1DB1786620EDAD9000BA7652 /* Sources */ = {
			isa = PBXSourcesBuildPhase;
			buildActionMask = 2147483647;
			files = (
				1D6ED1902126C90100C9E729 /* BKBeautifulSkinFilter.m in Sources */,
				1D3AA77C20F740FA0010FBB5 /* BKNavViewController.m in Sources */,
				1D45CAB720FC6892003C7BA4 /* BKEditImageClipFrameView.m in Sources */,
				1D6B8FEE20EF09EE00BBEAD1 /* BKCycleScrollImageView.m in Sources */,
				1D8AB8B521216EC600032629 /* BKCameraFocusRectangle.m in Sources */,
				1D8AB8B121216EC600032629 /* BKCameraManager.m in Sources */,
				1D3AA77D20F740FA0010FBB5 /* BKTransitionAnimater.m in Sources */,
				1DB1788B20EDB52F00BA7652 /* BKShareManager.m in Sources */,
				1D45CAA920FC6892003C7BA4 /* UIBezierPath+BKImagePicker.m in Sources */,
				1D75217F21227D6200862397 /* BKImagePreviewCollectionViewFlowLayout.m in Sources */,
				1D0294B220F5FD9500D75606 /* BKTableView.m in Sources */,
				1D0294B520F5FDC700D75606 /* BKCollectionView.m in Sources */,
				1D45CAC120FC6892003C7BA4 /* BKImagePickerFooterCollectionReusableView.m in Sources */,
				1DA0E13321002C1E005D6FB3 /* BKImagePickerConstant.m in Sources */,
				1D45CACC20FC6892003C7BA4 /* BKImageAlbumListTableViewCell.m in Sources */,
				1D6ED1892126784E00C9E729 /* UITableView+BKExtension.m in Sources */,
				1D45CAB420FC6892003C7BA4 /* BKEditImageViewController.m in Sources */,
				1D0294C220F6058700D75606 /* BKTabBarBtn.m in Sources */,
				1D3AA77E20F740FA0010FBB5 /* BKPercentDrivenInteractiveTransition.m in Sources */,
				1D8AB8B321216EC600032629 /* BKCameraRecordProgress.m in Sources */,
				1D45CAC220FC6892003C7BA4 /* BKImageAlbumItemSelectButton.m in Sources */,
				1D3AA77B20F740FA0010FBB5 /* UINavigationController+BKNavExtension.m in Sources */,
				1D45CB0420FC8328003C7BA4 /* BKImageBaseViewController.m in Sources */,
				1D45CAA820FC6892003C7BA4 /* UIImage+BKImagePicker.m in Sources */,
				1D0294AF20F5FCEA00D75606 /* BKScrollView.m in Sources */,
				1D45CAB620FC6892003C7BA4 /* BKEditImagePreviewCollectionViewFlowLayout.m in Sources */,
				1D45CAA720FC6892003C7BA4 /* UIView+BKImagePicker.m in Sources */,
				1D45CACB20FC6892003C7BA4 /* BKImageAlbumListModel.m in Sources */,
				1D6B8FFB20EF10E900BBEAD1 /* NSUserDefaults+BKExtension.m in Sources */,
				1D75217E21227D6200862397 /* BKImagePreviewInteractiveTransition.m in Sources */,
				1DA0E13621002C48005D6FB3 /* BKImagePicker.m in Sources */,
				1D75218021227D6200862397 /* BKImagePreviewCollectionViewCell.m in Sources */,
				1D45CAA620FC6892003C7BA4 /* NSObject+BKImagePicker.m in Sources */,
				1DA0E13A21003506005D6FB3 /* BKImageManageModel.m in Sources */,
				1D7E145B20F360EB00E6546D /* NSObject+BKNetworkExtension.m in Sources */,
				1DB1787D20EDAD9100BA7652 /* main.m in Sources */,
				1D6B8FEF20EF09EE00BBEAD1 /* BKCycleScrollPageControl.m in Sources */,
				1D8AB8B421216EC600032629 /* BKCameraShutterBtn.m in Sources */,
				1D6B8FED20EF09EE00BBEAD1 /* BKCycleCollectionViewFlowLayout.m in Sources */,
				1D45CAB920FC6892003C7BA4 /* BKEditImageDrawView.m in Sources */,
				1D8AB8B221216EC600032629 /* BKCameraRecordProgressModel.m in Sources */,
				1D6B900120EF152100BBEAD1 /* BKNetworkRequest.m in Sources */,
				1D45CAC320FC6892003C7BA4 /* BKImagePickerCollectionViewCell.m in Sources */,
				1D45CAB520FC6892003C7BA4 /* BKEditImageDrawModel.m in Sources */,
				1D6B8FF720EF0C1200BBEAD1 /* BKConstant.m in Sources */,
				1D45CABA20FC6892003C7BA4 /* BKEditImageWriteView.m in Sources */,
				1D3AA78120F7412F0010FBB5 /* BKNavButton.m in Sources */,
				1D0294A520F5E3F200D75606 /* GTMBase64.m in Sources */,
				1D6B8FEC20EF09EE00BBEAD1 /* BKCycleScrollCollectionViewCell.m in Sources */,
				1D45CABD20FC6892003C7BA4 /* BKEditImagePreviewCollectionViewCell.m in Sources */,
				1D75217C21227D6200862397 /* BKVideoPreviewViewController.m in Sources */,
				1D6D067A211BD32800C23483 /* GPUImageBeautifyFilter.m in Sources */,
				1D0294BF20F6004B00D75606 /* BKTabBar.m in Sources */,
				1D45CAB820FC6892003C7BA4 /* BKEditImageClipView.m in Sources */,
				1D02949B20F5DE9200D75606 /* NSString+BKExtension.m in Sources */,
				1D45CAC020FC6892003C7BA4 /* BKImageOriginalButton.m in Sources */,
				1D0294BC20F6003300D75606 /* BKTabBarController.m in Sources */,
				1D8AB8BD2121744F00032629 /* BKCameraRecordVideoPreviewViewController.m in Sources */,
				1D02949820F5DA8100D75606 /* BKRoundedRectView.m in Sources */,
				1D75217B21227D6200862397 /* BKImagePreviewViewController.m in Sources */,
				1D0294AB20F5ED2B00D75606 /* UIImage+BKExtension.m in Sources */,
				1D3AA76520F6F5650010FBB5 /* BKBaseViewController.m in Sources */,
				1DB1789020EDB81A00BA7652 /* NSObject+BKExtension.m in Sources */,
				1DB1789A20EDFC8000BA7652 /* BKTimerModel.m in Sources */,
				1D6ED18D2126C5CF00C9E729 /* BKGPUImageBeautyFilter.m in Sources */,
				1DB1786F20EDAD9000BA7652 /* AppDelegate.m in Sources */,
				1DA0E14021006EC6005D6FB3 /* NSString+BKImagePicker.m in Sources */,
				1D6B8FEB20EF09EE00BBEAD1 /* BKCycleScrollView.m in Sources */,
				1D45CACA20FC6892003C7BA4 /* BKImageAlbumListViewController.m in Sources */,
				1D45CABE20FC6892003C7BA4 /* BKImagePickerViewController.m in Sources */,
				1DB1789720EDEB8400BA7652 /* BKTimer.m in Sources */,
				1DB1789320EDCA7100BA7652 /* NSDate+BKExtension.m in Sources */,
				1D45CABB20FC6892003C7BA4 /* BKEditImageBottomView.m in Sources */,
				1D45CAAA20FC6892003C7BA4 /* BKImageModel.m in Sources */,
				1D6B900220EF152100BBEAD1 /* BKNetworkUploadModel.m in Sources */,
				1D8AB8B021216EC600032629 /* BKCameraFilterView.m in Sources */,
				1D50C9D520FF2BFC00626230 /* BKDemoViewController.m in Sources */,
				1D02949420F5D85700D75606 /* UIView+BKExtension.m in Sources */,
				1D8AB8AF21216EC600032629 /* BKCameraViewController.m in Sources */,
				1D45CABC20FC6892003C7BA4 /* BKEditImageBgView.m in Sources */,
				1D45CABF20FC6892003C7BA4 /* BKImageAlbumItemView.m in Sources */,
				1D0294A820F5E74900D75606 /* UIImageView+BKExtension.m in Sources */,
				1D6B900520EF3BCF00BBEAD1 /* BKNetworkRequestFailureView.m in Sources */,
				1D8EEA6E212A690D004CF59E /* BKCameraGradientShadow.m in Sources */,
				1D0294B820F5FFB200D75606 /* BKImageView.m in Sources */,
				1D75217D21227D6200862397 /* BKImagePreviewTransitionAnimater.m in Sources */,
			);
			runOnlyForDeploymentPostprocessing = 0;
		};
/* End PBXSourcesBuildPhase section */

/* Begin XCBuildConfiguration section */
		1DB1787E20EDAD9100BA7652 /* Debug */ = {
			isa = XCBuildConfiguration;
			buildSettings = {
				ALWAYS_SEARCH_USER_PATHS = NO;
				CLANG_ANALYZER_NONNULL = YES;
				CLANG_ANALYZER_NUMBER_OBJECT_CONVERSION = YES_AGGRESSIVE;
				CLANG_CXX_LANGUAGE_STANDARD = "gnu++14";
				CLANG_CXX_LIBRARY = "libc++";
				CLANG_ENABLE_MODULES = YES;
				CLANG_ENABLE_OBJC_ARC = YES;
				CLANG_ENABLE_OBJC_WEAK = YES;
				CLANG_WARN_BLOCK_CAPTURE_AUTORELEASING = YES;
				CLANG_WARN_BOOL_CONVERSION = YES;
				CLANG_WARN_COMMA = YES;
				CLANG_WARN_CONSTANT_CONVERSION = YES;
				CLANG_WARN_DEPRECATED_OBJC_IMPLEMENTATIONS = YES;
				CLANG_WARN_DIRECT_OBJC_ISA_USAGE = YES_ERROR;
				CLANG_WARN_DOCUMENTATION_COMMENTS = YES;
				CLANG_WARN_EMPTY_BODY = YES;
				CLANG_WARN_ENUM_CONVERSION = YES;
				CLANG_WARN_INFINITE_RECURSION = YES;
				CLANG_WARN_INT_CONVERSION = YES;
				CLANG_WARN_NON_LITERAL_NULL_CONVERSION = YES;
				CLANG_WARN_OBJC_IMPLICIT_RETAIN_SELF = YES;
				CLANG_WARN_OBJC_LITERAL_CONVERSION = YES;
				CLANG_WARN_OBJC_ROOT_CLASS = YES_ERROR;
				CLANG_WARN_RANGE_LOOP_ANALYSIS = YES;
				CLANG_WARN_STRICT_PROTOTYPES = YES;
				CLANG_WARN_SUSPICIOUS_MOVE = YES;
				CLANG_WARN_UNGUARDED_AVAILABILITY = YES_AGGRESSIVE;
				CLANG_WARN_UNREACHABLE_CODE = YES;
				CLANG_WARN__DUPLICATE_METHOD_MATCH = YES;
				CODE_SIGN_IDENTITY = "iPhone Developer";
				COPY_PHASE_STRIP = NO;
				DEBUG_INFORMATION_FORMAT = dwarf;
				ENABLE_STRICT_OBJC_MSGSEND = YES;
				ENABLE_TESTABILITY = YES;
				GCC_C_LANGUAGE_STANDARD = gnu11;
				GCC_DYNAMIC_NO_PIC = NO;
				GCC_NO_COMMON_BLOCKS = YES;
				GCC_OPTIMIZATION_LEVEL = 0;
				GCC_PREPROCESSOR_DEFINITIONS = (
					"DEBUG=1",
					"$(inherited)",
				);
				GCC_WARN_64_TO_32_BIT_CONVERSION = YES;
				GCC_WARN_ABOUT_RETURN_TYPE = YES_ERROR;
				GCC_WARN_UNDECLARED_SELECTOR = YES;
				GCC_WARN_UNINITIALIZED_AUTOS = YES_AGGRESSIVE;
				GCC_WARN_UNUSED_FUNCTION = YES;
				GCC_WARN_UNUSED_VARIABLE = YES;
				IPHONEOS_DEPLOYMENT_TARGET = 11.4;
				MTL_ENABLE_DEBUG_INFO = YES;
				ONLY_ACTIVE_ARCH = YES;
				SDKROOT = iphoneos;
			};
			name = Debug;
		};
		1DB1787F20EDAD9100BA7652 /* Release */ = {
			isa = XCBuildConfiguration;
			buildSettings = {
				ALWAYS_SEARCH_USER_PATHS = NO;
				CLANG_ANALYZER_NONNULL = YES;
				CLANG_ANALYZER_NUMBER_OBJECT_CONVERSION = YES_AGGRESSIVE;
				CLANG_CXX_LANGUAGE_STANDARD = "gnu++14";
				CLANG_CXX_LIBRARY = "libc++";
				CLANG_ENABLE_MODULES = YES;
				CLANG_ENABLE_OBJC_ARC = YES;
				CLANG_ENABLE_OBJC_WEAK = YES;
				CLANG_WARN_BLOCK_CAPTURE_AUTORELEASING = YES;
				CLANG_WARN_BOOL_CONVERSION = YES;
				CLANG_WARN_COMMA = YES;
				CLANG_WARN_CONSTANT_CONVERSION = YES;
				CLANG_WARN_DEPRECATED_OBJC_IMPLEMENTATIONS = YES;
				CLANG_WARN_DIRECT_OBJC_ISA_USAGE = YES_ERROR;
				CLANG_WARN_DOCUMENTATION_COMMENTS = YES;
				CLANG_WARN_EMPTY_BODY = YES;
				CLANG_WARN_ENUM_CONVERSION = YES;
				CLANG_WARN_INFINITE_RECURSION = YES;
				CLANG_WARN_INT_CONVERSION = YES;
				CLANG_WARN_NON_LITERAL_NULL_CONVERSION = YES;
				CLANG_WARN_OBJC_IMPLICIT_RETAIN_SELF = YES;
				CLANG_WARN_OBJC_LITERAL_CONVERSION = YES;
				CLANG_WARN_OBJC_ROOT_CLASS = YES_ERROR;
				CLANG_WARN_RANGE_LOOP_ANALYSIS = YES;
				CLANG_WARN_STRICT_PROTOTYPES = YES;
				CLANG_WARN_SUSPICIOUS_MOVE = YES;
				CLANG_WARN_UNGUARDED_AVAILABILITY = YES_AGGRESSIVE;
				CLANG_WARN_UNREACHABLE_CODE = YES;
				CLANG_WARN__DUPLICATE_METHOD_MATCH = YES;
				CODE_SIGN_IDENTITY = "iPhone Developer";
				COPY_PHASE_STRIP = NO;
				DEBUG_INFORMATION_FORMAT = "dwarf-with-dsym";
				ENABLE_NS_ASSERTIONS = NO;
				ENABLE_STRICT_OBJC_MSGSEND = YES;
				GCC_C_LANGUAGE_STANDARD = gnu11;
				GCC_NO_COMMON_BLOCKS = YES;
				GCC_WARN_64_TO_32_BIT_CONVERSION = YES;
				GCC_WARN_ABOUT_RETURN_TYPE = YES_ERROR;
				GCC_WARN_UNDECLARED_SELECTOR = YES;
				GCC_WARN_UNINITIALIZED_AUTOS = YES_AGGRESSIVE;
				GCC_WARN_UNUSED_FUNCTION = YES;
				GCC_WARN_UNUSED_VARIABLE = YES;
				IPHONEOS_DEPLOYMENT_TARGET = 11.4;
				MTL_ENABLE_DEBUG_INFO = NO;
				SDKROOT = iphoneos;
				VALIDATE_PRODUCT = YES;
			};
			name = Release;
		};
		1DB1788120EDAD9100BA7652 /* Debug */ = {
			isa = XCBuildConfiguration;
			baseConfigurationReference = 381FD458A68E5E9566264142 /* Pods-BKProjectFramework.debug.xcconfig */;
			buildSettings = {
				ASSETCATALOG_COMPILER_APPICON_NAME = AppIcon;
				ASSETCATALOG_COMPILER_LAUNCHIMAGE_NAME = LaunchImage;
				CODE_SIGN_STYLE = Automatic;
				DEVELOPMENT_TEAM = 779S864B3K;
				ENABLE_STRICT_OBJC_MSGSEND = YES;
				FRAMEWORK_SEARCH_PATHS = (
					"$(inherited)",
					"$(PROJECT_DIR)/BKProjectFramework/Utils/Third/IJKMediaFramework",
				);
				GCC_PRECOMPILE_PREFIX_HEADER = YES;
				GCC_PREFIX_HEADER = BKProjectFramework/Common/PrefixHeader.pch;
				INFOPLIST_FILE = "$(SRCROOT)/BKProjectFramework/Supporting Files/Info.plist";
				IPHONEOS_DEPLOYMENT_TARGET = 8.0;
				LD_RUNPATH_SEARCH_PATHS = (
					"$(inherited)",
					"@executable_path/Frameworks",
				);
				PRODUCT_BUNDLE_IDENTIFIER = BIKE.BKProjectFramework;
				PRODUCT_NAME = "$(TARGET_NAME)";
				TARGETED_DEVICE_FAMILY = 1;
				USER_HEADER_SEARCH_PATHS = "$(PODS_ROOT)/**";
			};
			name = Debug;
		};
		1DB1788220EDAD9100BA7652 /* Release */ = {
			isa = XCBuildConfiguration;
			baseConfigurationReference = FE9B924C62630D8B17445ED8 /* Pods-BKProjectFramework.release.xcconfig */;
			buildSettings = {
				ASSETCATALOG_COMPILER_APPICON_NAME = AppIcon;
				ASSETCATALOG_COMPILER_LAUNCHIMAGE_NAME = LaunchImage;
				CODE_SIGN_STYLE = Automatic;
				DEVELOPMENT_TEAM = 779S864B3K;
				ENABLE_STRICT_OBJC_MSGSEND = YES;
				FRAMEWORK_SEARCH_PATHS = (
					"$(inherited)",
					"$(PROJECT_DIR)/BKProjectFramework/Utils/Third/IJKMediaFramework",
				);
				GCC_PRECOMPILE_PREFIX_HEADER = YES;
				GCC_PREFIX_HEADER = BKProjectFramework/Common/PrefixHeader.pch;
				INFOPLIST_FILE = "$(SRCROOT)/BKProjectFramework/Supporting Files/Info.plist";
				IPHONEOS_DEPLOYMENT_TARGET = 8.0;
				LD_RUNPATH_SEARCH_PATHS = (
					"$(inherited)",
					"@executable_path/Frameworks",
				);
				PRODUCT_BUNDLE_IDENTIFIER = BIKE.BKProjectFramework;
				PRODUCT_NAME = "$(TARGET_NAME)";
				TARGETED_DEVICE_FAMILY = 1;
				USER_HEADER_SEARCH_PATHS = "$(PODS_ROOT)/**";
			};
			name = Release;
		};
/* End XCBuildConfiguration section */

/* Begin XCConfigurationList section */
		1DB1786520EDAD9000BA7652 /* Build configuration list for PBXProject "BKProjectFramework" */ = {
			isa = XCConfigurationList;
			buildConfigurations = (
				1DB1787E20EDAD9100BA7652 /* Debug */,
				1DB1787F20EDAD9100BA7652 /* Release */,
			);
			defaultConfigurationIsVisible = 0;
			defaultConfigurationName = Release;
		};
		1DB1788020EDAD9100BA7652 /* Build configuration list for PBXNativeTarget "BKProjectFramework" */ = {
			isa = XCConfigurationList;
			buildConfigurations = (
				1DB1788120EDAD9100BA7652 /* Debug */,
				1DB1788220EDAD9100BA7652 /* Release */,
			);
			defaultConfigurationIsVisible = 0;
			defaultConfigurationName = Release;
		};
/* End XCConfigurationList section */
	};
	rootObject = 1DB1786220EDAD9000BA7652 /* Project object */;
}
